// !$*UTF8*$!
{
	archiveVersion = 1;
	classes = {
	};
	objectVersion = 46;
	objects = {
/* Begin PBXBuildFile section */
		0207DA581B56EA530066E2B4 /* Images.xcassets in Resources */ = {isa = PBXBuildFile; fileRef = 0207DA571B56EA530066E2B4 /* Images.xcassets */; };
		1D3623260D0F684500981E51 /* AppDelegate.m in Sources */ = {isa = PBXBuildFile; fileRef = 1D3623250D0F684500981E51 /* AppDelegate.m */; };
		1D60589B0D05DD56006BFB54 /* main.m in Sources */ = {isa = PBXBuildFile; fileRef = 29B97316FDCFA39411CA2CEA /* main.m */; };
		301BF552109A68D80062928A /* libCordova.a in Frameworks */ = {isa = PBXBuildFile; fileRef = 301BF535109A57CC0062928A /* libCordova.a */; settings = {ATTRIBUTES = (Required, ); }; };
		302D95F114D2391D003F00A1 /* MainViewController.m in Sources */ = {isa = PBXBuildFile; fileRef = 302D95EF14D2391D003F00A1 /* MainViewController.m */; };
		302D95F214D2391D003F00A1 /* MainViewController.xib in Resources */ = {isa = PBXBuildFile; fileRef = 302D95F014D2391D003F00A1 /* MainViewController.xib */; };
		6AFF5BF91D6E424B00AB3073 /* CDVLaunchScreen.storyboard in Resources */ = {isa = PBXBuildFile; fileRef = 6AFF5BF81D6E424B00AB3073 /* CDVLaunchScreen.storyboard */; };
		B045D29E48714272B315D049 /* CDVDevice.m in Sources */ = {isa = PBXBuildFile; fileRef = 726FE45B48214514AE94FF90 /* CDVDevice.m */; };
		C1A84EE1268A412FB581AF6D /* CDVConnection.m in Sources */ = {isa = PBXBuildFile; fileRef = B48D740549F2495AA353DD70 /* CDVConnection.m */; };
		7DF683162E984B2A90AA3649 /* CDVReachability.m in Sources */ = {isa = PBXBuildFile; fileRef = E73558F76913461FB4314E1D /* CDVReachability.m */; };
		879D96F790524AB1BE524192 /* SystemConfiguration.framework in Frameworks */ = {isa = PBXBuildFile; fileRef = 03F53CF0A17B4058A82C942F /* SystemConfiguration.framework */; settings = {ATTRIBUTES = (Weak, ); }; };
		D305E6DFB606464098B942F2 /* CoreTelephony.framework in Frameworks */ = {isa = PBXBuildFile; fileRef = AC8234C0421F4A869D97CA42 /* CoreTelephony.framework */; };
		1C257A04E59446898C9C7799 /* CDVBattery.m in Sources */ = {isa = PBXBuildFile; fileRef = 5E50D3CA57764FA886C9F4AA /* CDVBattery.m */; };
		03DE2386A8CB430497E66284 /* CDVAccelerometer.m in Sources */ = {isa = PBXBuildFile; fileRef = 73A12E599B12418295157395 /* CDVAccelerometer.m */; };
		0CDD4F98AB34409E953F8205 /* CoreMotion.framework in Frameworks */ = {isa = PBXBuildFile; fileRef = D880535092B5470A812F8C24 /* CoreMotion.framework */; };
		CE60095015DB48DB8F96CC2E /* CDVCompass.m in Sources */ = {isa = PBXBuildFile; fileRef = 4D7C430C16CB4402AFA24803 /* CDVCompass.m */; };
		B7212F42D848467386AC3648 /* CoreLocation.framework in Frameworks */ = {isa = PBXBuildFile; fileRef = 4CEE0CD992304E2DBE53220B /* CoreLocation.framework */; };
		E8EF9B6D05FE4EDCA211E753 /* CDVLocation.m in Sources */ = {isa = PBXBuildFile; fileRef = 3DEAC487BA77472A97AEE7DF /* CDVLocation.m */; };
		396DE0C79104478588DB503D /* UIImage+CropScaleOrientation.m in Sources */ = {isa = PBXBuildFile; fileRef = CCB2BFF8F18D47F2BE232637 /* UIImage+CropScaleOrientation.m */; };
		FEEF8CD2F06A41829D302E96 /* CDVCamera.m in Sources */ = {isa = PBXBuildFile; fileRef = 9DF717A8BD1D4E3FB4B3089D /* CDVCamera.m */; };
		BCE50461F5994BE99D5D331E /* CDVJpegHeaderWriter.m in Sources */ = {isa = PBXBuildFile; fileRef = 022AF22CB12749B38E919735 /* CDVJpegHeaderWriter.m */; };
		A85AAA91CFEB41BA830F03CA /* ImageIO.framework in Frameworks */ = {isa = PBXBuildFile; fileRef = 7B80832756444F57B47F3367 /* ImageIO.framework */; settings = {ATTRIBUTES = (Weak, ); }; };
		98D957DCBBAC42F488C34704 /* AVFoundation.framework in Frameworks */ = {isa = PBXBuildFile; fileRef = 55C6E85BAB184B5F92220958 /* AVFoundation.framework */; };
		8EAB124287BB401590170ECC /* CDVFile.m in Sources */ = {isa = PBXBuildFile; fileRef = 91ABF2AFD98F4CCFBDCAFDBD /* CDVFile.m */; };
		1A4C6BD4BBE54E44A76E41F5 /* CDVLocalFilesystem.m in Sources */ = {isa = PBXBuildFile; fileRef = B7B25F36415B4F14BFA3F512 /* CDVLocalFilesystem.m */; };
		5658090F36354893A0DB7C93 /* CDVAssetLibraryFilesystem.m in Sources */ = {isa = PBXBuildFile; fileRef = B19469DBAE104A0FBCE77472 /* CDVAssetLibraryFilesystem.m */; };
		3CAD431F2FDC46C6BE4E158E /* CDVCapture.m in Sources */ = {isa = PBXBuildFile; fileRef = EC8FD11D3EA748E48D2EB4ED /* CDVCapture.m */; };
		55F96A83A1584E32BB2D205E /* CDVCapture.bundle in Resources */ = {isa = PBXBuildFile; fileRef = C236E2B94C104DD18E8F3EC0 /* CDVCapture.bundle */; };
		46FFC3BB7C57421AB269C1CE /* CDVFileTransfer.m in Sources */ = {isa = PBXBuildFile; fileRef = 1AC0CE12B53F4D11848DF945 /* CDVFileTransfer.m */; };
		01BB5E58FDE8473BA40B87B3 /* CDVNotification.m in Sources */ = {isa = PBXBuildFile; fileRef = A126D6F1D96E4745932C4FEA /* CDVNotification.m */; };
		B033902CCC864CB29FD050D1 /* CDVNotification.bundle in Resources */ = {isa = PBXBuildFile; fileRef = 1FFE72D84F2147509D74DDA3 /* CDVNotification.bundle */; };
		A9B733E2892A4C75A847E1CD /* AudioToolbox.framework in Frameworks */ = {isa = PBXBuildFile; fileRef = DA77AF005E254FEEA6056F20 /* AudioToolbox.framework */; settings = {ATTRIBUTES = (Weak, ); }; };
		1D1A175DBC304C1992BF47D2 /* CDVVibration.m in Sources */ = {isa = PBXBuildFile; fileRef = 6AFCAD0F1B9044B6ACE00EC3 /* CDVVibration.m */; };
		9070D77A8C504540A38E4BE4 /* CDVContacts.m in Sources */ = {isa = PBXBuildFile; fileRef = CD8FEBFE867B414291ABA234 /* CDVContacts.m */; };
		717A23EFCE5C4B6FA06B6BB7 /* CDVContact.m in Sources */ = {isa = PBXBuildFile; fileRef = 590A4A4E404D46A7886F3C12 /* CDVContact.m */; };
		523579D0CD6140899DC68028 /* AddressBook.framework in Frameworks */ = {isa = PBXBuildFile; fileRef = B0BAC8AD41064405964981DF /* AddressBook.framework */; settings = {ATTRIBUTES = (Weak, ); }; };
		DF4BB810F26A4E53B1E3C809 /* AddressBookUI.framework in Frameworks */ = {isa = PBXBuildFile; fileRef = 83E79791063C42FFAF24AC39 /* AddressBookUI.framework */; settings = {ATTRIBUTES = (Weak, ); }; };
		A50F9B0EF91B49869175B689 /* CDVGlobalization.m in Sources */ = {isa = PBXBuildFile; fileRef = 15E3BEB604E04E89A7671429 /* CDVGlobalization.m */; };
		17B97779881948C39C4BF629 /* CDVSplashScreen.m in Sources */ = {isa = PBXBuildFile; fileRef = 65190C1772E0446D9CAE365A /* CDVSplashScreen.m */; };
		81B956A8D6954F288ED3D43E /* CDVViewController+SplashScreen.m in Sources */ = {isa = PBXBuildFile; fileRef = C6A8C194C2D94793B07E125A /* CDVViewController+SplashScreen.m */; };
		52FD7A01C136486EA6640EA4 /* CDVInAppBrowser.m in Sources */ = {isa = PBXBuildFile; fileRef = 59DCF86C3C104D758C6F4F86 /* CDVInAppBrowser.m */; };
		9ED735BA4D004670A502574A /* SQLitePlugin.m in Sources */ = {isa = PBXBuildFile; fileRef = CC8BB4DAA20A4B9585E3BD25 /* SQLitePlugin.m */; };
		82F2BB0E637F4B609344D371 /* PSPDFThreadSafeMutableDictionary.m in Sources */ = {isa = PBXBuildFile; fileRef = 2AAE9BD8F1B845C6BB461568 /* PSPDFThreadSafeMutableDictionary.m */; settings = {COMPILER_FLAGS = "-w"; }; };
		78DB508AF278434DA1740C99 /* sqlite3.c in Resources */ = {isa = PBXBuildFile; fileRef = 8E7A4CDE128F4662BC21DE5B /* sqlite3.c */; settings = {COMPILER_FLAGS = "-w -DSQLITE_THREADSAFE=1 -DSQLITE_DEFAULT_SYNCHRONOUS=3 -DSQLITE_DEFAULT_MEMSTATUS=0 -DSQLITE_OMIT_DECLTYPE -DSQLITE_OMIT_DEPRECATED -DSQLITE_OMIT_PROGRESS_CALLBACK -DSQLITE_OMIT_SHARED_CACHE -DSQLITE_TEMP_STORE=2 -DSQLITE_OMIT_LOAD_EXTENSION -DSQLITE_ENABLE_FTS3 -DSQLITE_ENABLE_FTS3_PARENTHESIS -DSQLITE_ENABLE_FTS4 -DSQLITE_ENABLE_RTREE -DSQLITE_DEFAULT_PAGE_SIZE=1024"; }; };
		34D85225545F436988A25724 /* SQLitePlugin.m in Sources */ = {isa = PBXBuildFile; fileRef = 51CA5131B84D42A187774198 /* SQLitePlugin.m */; };
		F70735FB534D49B0B22B7FD2 /* libsqlite3.dylib in Frameworks */ = {isa = PBXBuildFile; fileRef = 56790E66BAA446E788938DE6 /* libsqlite3.dylib */; };
		7128802000F74EDEAFA1C438 /* ZipPlugin.m in Sources */ = {isa = PBXBuildFile; fileRef = 8DCB5884B6AF49D4871B02AC /* ZipPlugin.m */; };
		D25E333308ED4A208A07FE84 /* aescrypt.c in Resources */ = {isa = PBXBuildFile; fileRef = 1348850D0921407E815C46D9 /* aescrypt.c */; };
		6CB84F177954494E8AB6FA48 /* aeskey.c in Resources */ = {isa = PBXBuildFile; fileRef = 5AA8E6BCB506483F9675818A /* aeskey.c */; };
		6ACF9210811A4B699FAA93D9 /* aestab.c in Resources */ = {isa = PBXBuildFile; fileRef = AD0C42E1434847489F1E8E21 /* aestab.c */; };
		29D7DD55B64A4ED58E332CA5 /* entropy.c in Resources */ = {isa = PBXBuildFile; fileRef = 3B31A739F6CE4E64A0A0A865 /* entropy.c */; };
		E708028F13C2401FBC6AE189 /* fileenc.c in Resources */ = {isa = PBXBuildFile; fileRef = F5164126E7F14705AE3FCB7B /* fileenc.c */; };
		48236780771647C68EB60FE5 /* hmac.c in Resources */ = {isa = PBXBuildFile; fileRef = 3E5CAB96BDE449CC8C9AE561 /* hmac.c */; };
		5432D1E92FEB43BE9F8478C7 /* prng.c in Resources */ = {isa = PBXBuildFile; fileRef = 95851D63202F4EE4A8D64AA7 /* prng.c */; };
		ECBCD3E4190A4EF0999059EF /* pwd2key.c in Resources */ = {isa = PBXBuildFile; fileRef = FA92CA28A0EC49918D61C709 /* pwd2key.c */; };
		D9D540AF7BD447BEB81CFD79 /* sha1.c in Resources */ = {isa = PBXBuildFile; fileRef = 30BCD0248D2D41B48940D619 /* sha1.c */; };
		C1A17BB56C5D4448A7E08002 /* SSZipArchive.m in Sources */ = {isa = PBXBuildFile; fileRef = 5527C0B8DD9E4A8AB636FFD1 /* SSZipArchive.m */; };
		1A2DDA277D0F4DCD9067A862 /* zip.c in Resources */ = {isa = PBXBuildFile; fileRef = BAFC24A2C6034885809DDEE9 /* zip.c */; };
		36F2224236B94D0BA6C98B87 /* unzip.c in Resources */ = {isa = PBXBuildFile; fileRef = CB383677506541A6AC728613 /* unzip.c */; };
		E724E5BDE37044AFA75BF670 /* mztools.c in Resources */ = {isa = PBXBuildFile; fileRef = 5D852B5AB765482DBADD3EA6 /* mztools.c */; };
		A1502A9E3F2144E99177DFA7 /* ioapi.c in Resources */ = {isa = PBXBuildFile; fileRef = BECFAB99FFB34FC0BC647FA1 /* ioapi.c */; };
		23F1B889C77E4FC994D2B9DE /* libz.dylib in Frameworks */ = {isa = PBXBuildFile; fileRef = E9BC202D48C047E28B0081AD /* libz.dylib */; };
		096CD3E3E8274F52AF4CD189 /* md5chksum.m in Sources */ = {isa = PBXBuildFile; fileRef = DE90B7DAF6F6462194297642 /* md5chksum.m */; };
		C6F5BB3FD89C4C09B76C5966 /* CDVOrientation.m in Sources */ = {isa = PBXBuildFile; fileRef = 26DE0C4DE7C749CC93B803EE /* CDVOrientation.m */; };
		87F559A3403B4932BA32392A /* Diagnostic.m in Sources */ = {isa = PBXBuildFile; fileRef = 8984B0647CCF42D59A766187 /* Diagnostic.m */; };
		49A30E92CA3A44E0A264109F /* Diagnostic_Location.m in Sources */ = {isa = PBXBuildFile; fileRef = A7EEDC2C182E4668B4DA2C08 /* Diagnostic_Location.m */; };
		17B6109EA1CB48E498639992 /* Diagnostic_Bluetooth.m in Sources */ = {isa = PBXBuildFile; fileRef = A8E86C48F75A4268B8FDFE80 /* Diagnostic_Bluetooth.m */; };
		470F0355CB0245F9BA60E717 /* Diagnostic_Wifi.m in Sources */ = {isa = PBXBuildFile; fileRef = D05D7C35ED224CA0BCD24F52 /* Diagnostic_Wifi.m */; };
		849FF324816949739D59B00E /* Diagnostic_Camera.m in Sources */ = {isa = PBXBuildFile; fileRef = E475E05772D34F0EBEDFC75E /* Diagnostic_Camera.m */; };
		20302C9DD141401ABF999B47 /* Diagnostic_Notifications.m in Sources */ = {isa = PBXBuildFile; fileRef = 5CBE38AD0D27434A86C7E133 /* Diagnostic_Notifications.m */; };
		011CD2EEA2F24F98A3F9D9A4 /* Diagnostic_Microphone.m in Sources */ = {isa = PBXBuildFile; fileRef = 9F77B0AF88FD404EA3D96F7C /* Diagnostic_Microphone.m */; };
		F78C0D30B522417B8A6413A2 /* Diagnostic_Contacts.m in Sources */ = {isa = PBXBuildFile; fileRef = 48763B0382F04815B370B495 /* Diagnostic_Contacts.m */; };
		2F8ADD73E9CE408597C9E931 /* Diagnostic_Calendar.m in Sources */ = {isa = PBXBuildFile; fileRef = 9755FE40215F4666B3AC6F01 /* Diagnostic_Calendar.m */; };
		F08C880AA4114515978ED18C /* Diagnostic_Reminders.m in Sources */ = {isa = PBXBuildFile; fileRef = 98510813C75C49D4B95A320C /* Diagnostic_Reminders.m */; };
		31664D63D88745A4B4759B37 /* Diagnostic_Motion.m in Sources */ = {isa = PBXBuildFile; fileRef = 23621ADB45D440C8934D2CBA /* Diagnostic_Motion.m */; };
		EA8236DC48D845D78378F1AC /* CoreBluetooth.framework in Frameworks */ = {isa = PBXBuildFile; fileRef = 62BDE19BE2844E8D9A1F633A /* CoreBluetooth.framework */; };
		34C79B90ABC447B2A0887E2A /* Photos.framework in Frameworks */ = {isa = PBXBuildFile; fileRef = C50481A5ED2844AD8FB36EC0 /* Photos.framework */; };
		6A4998FCD5DB4A939C35861F /* UserNotifications.framework in Frameworks */ = {isa = PBXBuildFile; fileRef = 2368D94CBAA645E5BFEF7C2C /* UserNotifications.framework */; };
		DC386822FCEE4EB686747EE5 /* Contacts.framework in Frameworks */ = {isa = PBXBuildFile; fileRef = 041C001DC4E24E518E0E947C /* Contacts.framework */; };
		435B01CB5AB042A09D10FBB7 /* EventKit.framework in Frameworks */ = {isa = PBXBuildFile; fileRef = 5D7795FD0E594CE0A404244C /* EventKit.framework */; };
		35BFA7F31A66457B87FAABCE /* APPBackgroundMode.m in Sources */ = {isa = PBXBuildFile; fileRef = 0CE809E958B24EA3B1FDDFEE /* APPBackgroundMode.m */; };
		65500157F17740B2B89B76B3 /* APPMethodMagic.m in Sources */ = {isa = PBXBuildFile; fileRef = 2B626B0C78DA46BEB47608B6 /* APPMethodMagic.m */; };
		A831FB64B3454C7BBA96AAAB /* appbeep.wav in Resources */ = {isa = PBXBuildFile; fileRef = 7BDCE70BEBEC4C5ABE8C714E /* appbeep.wav */; };
/* End PBXBuildFile section */

/* Begin PBXContainerItemProxy section */
		301BF534109A57CC0062928A /* PBXContainerItemProxy */ = {
			isa = PBXContainerItemProxy;
			containerPortal = 301BF52D109A57CC0062928A /* CordovaLib.xcodeproj */;
			proxyType = 2;
			remoteGlobalIDString = D2AAC07E0554694100DB518D;
			remoteInfo = CordovaLib;
		};
		301BF550109A68C00062928A /* PBXContainerItemProxy */ = {
			isa = PBXContainerItemProxy;
			containerPortal = 301BF52D109A57CC0062928A /* CordovaLib.xcodeproj */;
			proxyType = 1;
			remoteGlobalIDString = D2AAC07D0554694100DB518D;
			remoteInfo = CordovaLib;
		};
		907D8123214C687600058A10 /* PBXContainerItemProxy */ = {
			isa = PBXContainerItemProxy;
			containerPortal = 301BF52D109A57CC0062928A /* CordovaLib.xcodeproj */;
			proxyType = 2;
			remoteGlobalIDString = C0C01EB21E3911D50056E6CB;
			remoteInfo = Cordova;
		};
/* End PBXContainerItemProxy section */

/* Begin PBXFileReference section */
		0207DA571B56EA530066E2B4 /* Images.xcassets */ = {isa = PBXFileReference; lastKnownFileType = folder.assetcatalog; name = Images.xcassets; path = "HelloCordova/Images.xcassets"; sourceTree = SOURCE_ROOT; };
		1D3623240D0F684500981E51 /* AppDelegate.h */ = {isa = PBXFileReference; fileEncoding = 4; lastKnownFileType = sourcecode.c.h; path = AppDelegate.h; sourceTree = "<group>"; };
		1D3623250D0F684500981E51 /* AppDelegate.m */ = {isa = PBXFileReference; fileEncoding = 4; lastKnownFileType = sourcecode.c.objc; path = AppDelegate.m; sourceTree = "<group>"; };
		1D6058910D05DD3D006BFB54 /* HelloCordova.app */ = {isa = PBXFileReference; explicitFileType = wrapper.application; includeInIndex = 0; path = "HelloCordova.app"; sourceTree = BUILT_PRODUCTS_DIR; };
		29B97316FDCFA39411CA2CEA /* main.m */ = {isa = PBXFileReference; fileEncoding = 4; lastKnownFileType = sourcecode.c.objc; path = main.m; sourceTree = "<group>"; };
		301BF52D109A57CC0062928A /* CordovaLib.xcodeproj */ = {isa = PBXFileReference; lastKnownFileType = "wrapper.pb-project"; path = CordovaLib/CordovaLib.xcodeproj; sourceTree = "<group>"; };
		301BF56E109A69640062928A /* www */ = {isa = PBXFileReference; lastKnownFileType = folder; path = www; sourceTree = SOURCE_ROOT; };
		302D95EE14D2391D003F00A1 /* MainViewController.h */ = {isa = PBXFileReference; fileEncoding = 4; lastKnownFileType = sourcecode.c.h; path = MainViewController.h; sourceTree = "<group>"; };
		302D95EF14D2391D003F00A1 /* MainViewController.m */ = {isa = PBXFileReference; fileEncoding = 4; lastKnownFileType = sourcecode.c.objc; path = MainViewController.m; sourceTree = "<group>"; };
		302D95F014D2391D003F00A1 /* MainViewController.xib */ = {isa = PBXFileReference; fileEncoding = 4; lastKnownFileType = file.xib; path = MainViewController.xib; sourceTree = "<group>"; };
		3047A50F1AB8059700498E2A /* build-debug.xcconfig */ = {isa = PBXFileReference; fileEncoding = 4; lastKnownFileType = text.xcconfig; name = "build-debug.xcconfig"; path = "cordova/build-debug.xcconfig"; sourceTree = SOURCE_ROOT; };
		3047A5101AB8059700498E2A /* build-release.xcconfig */ = {isa = PBXFileReference; fileEncoding = 4; lastKnownFileType = text.xcconfig; name = "build-release.xcconfig"; path = "cordova/build-release.xcconfig"; sourceTree = SOURCE_ROOT; };
		3047A5111AB8059700498E2A /* build.xcconfig */ = {isa = PBXFileReference; fileEncoding = 4; lastKnownFileType = text.xcconfig; name = build.xcconfig; path = cordova/build.xcconfig; sourceTree = SOURCE_ROOT; };
		32CA4F630368D1EE00C91783 /* HelloCordova-Prefix.pch */ = {isa = PBXFileReference; fileEncoding = 4; lastKnownFileType = sourcecode.c.h; path = "HelloCordova-Prefix.pch"; sourceTree = "<group>"; };
		6AFF5BF81D6E424B00AB3073 /* CDVLaunchScreen.storyboard */ = {isa = PBXFileReference; fileEncoding = 4; lastKnownFileType = file.storyboard; name = CDVLaunchScreen.storyboard; path = "HelloCordova/CDVLaunchScreen.storyboard"; sourceTree = SOURCE_ROOT; };
		8D1107310486CEB800E47090 /* HelloCordova-Info.plist */ = {isa = PBXFileReference; fileEncoding = 4; lastKnownFileType = text.plist.xml; name = "HelloCordova-Info.plist"; path = "HelloCordova/HelloCordova-Info.plist"; plistStructureDefinitionIdentifier = "com.apple.xcode.plist.structure-definition.iphone.info-plist"; sourceTree = SOURCE_ROOT; };
		EB87FDF31871DA8E0020F90C /* www */ = {isa = PBXFileReference; lastKnownFileType = folder; name = www; path = ../../www; sourceTree = "<group>"; };
		EB87FDF41871DAF40020F90C /* config.xml */ = {isa = PBXFileReference; lastKnownFileType = text.xml; name = config.xml; path = ../../config.xml; sourceTree = "<group>"; };
		ED33DF2A687741AEAF9F8254 /* Bridging-Header.h */ = {isa = PBXFileReference; fileEncoding = 4; lastKnownFileType = sourcecode.c.h; name = "Bridging-Header.h"; path = "Bridging-Header.h"; sourceTree = "<group>"; };
		F840E1F0165FE0F500CFE078 /* config.xml */ = {isa = PBXFileReference; lastKnownFileType = text.xml; name = config.xml; path = "HelloCordova/config.xml"; sourceTree = "<group>"; };
		726FE45B48214514AE94FF90 /* CDVDevice.m */ = {isa = PBXFileReference; name = "CDVDevice.m"; path = "cordova-plugin-device/CDVDevice.m"; sourceTree = "<group>"; fileEncoding = 4; lastKnownFileType = sourcecode.c.objc; explicitFileType = undefined; includeInIndex = 0; };
		94D09161714C4129BA26A754 /* CDVDevice.h */ = {isa = PBXFileReference; name = "CDVDevice.h"; path = "cordova-plugin-device/CDVDevice.h"; sourceTree = "<group>"; fileEncoding = 4; lastKnownFileType = sourcecode.c.h; explicitFileType = undefined; includeInIndex = 0; };
		B48D740549F2495AA353DD70 /* CDVConnection.m */ = {isa = PBXFileReference; name = "CDVConnection.m"; path = "cordova-plugin-network-information/CDVConnection.m"; sourceTree = "<group>"; fileEncoding = 4; lastKnownFileType = sourcecode.c.objc; explicitFileType = undefined; includeInIndex = 0; };
		E73558F76913461FB4314E1D /* CDVReachability.m */ = {isa = PBXFileReference; name = "CDVReachability.m"; path = "cordova-plugin-network-information/CDVReachability.m"; sourceTree = "<group>"; fileEncoding = 4; lastKnownFileType = sourcecode.c.objc; explicitFileType = undefined; includeInIndex = 0; };
		BB9513B0772A4AE6AE7EDE8C /* CDVConnection.h */ = {isa = PBXFileReference; name = "CDVConnection.h"; path = "cordova-plugin-network-information/CDVConnection.h"; sourceTree = "<group>"; fileEncoding = 4; lastKnownFileType = sourcecode.c.h; explicitFileType = undefined; includeInIndex = 0; };
		67603EE0D91A417592A06342 /* CDVReachability.h */ = {isa = PBXFileReference; name = "CDVReachability.h"; path = "cordova-plugin-network-information/CDVReachability.h"; sourceTree = "<group>"; fileEncoding = 4; lastKnownFileType = sourcecode.c.h; explicitFileType = undefined; includeInIndex = 0; };
		03F53CF0A17B4058A82C942F /* SystemConfiguration.framework */ = {isa = PBXFileReference; name = "SystemConfiguration.framework"; path = "System/Library/Frameworks/SystemConfiguration.framework"; sourceTree = SDKROOT; fileEncoding = undefined; lastKnownFileType = wrapper.framework; explicitFileType = undefined; includeInIndex = 0; };
		AC8234C0421F4A869D97CA42 /* CoreTelephony.framework */ = {isa = PBXFileReference; name = "CoreTelephony.framework"; path = "System/Library/Frameworks/CoreTelephony.framework"; sourceTree = SDKROOT; fileEncoding = undefined; lastKnownFileType = wrapper.framework; explicitFileType = undefined; includeInIndex = 0; };
		5E50D3CA57764FA886C9F4AA /* CDVBattery.m */ = {isa = PBXFileReference; name = "CDVBattery.m"; path = "cordova-plugin-battery-status/CDVBattery.m"; sourceTree = "<group>"; fileEncoding = 4; lastKnownFileType = sourcecode.c.objc; explicitFileType = undefined; includeInIndex = 0; };
		4AC80566AED64658A7CEEC55 /* CDVBattery.h */ = {isa = PBXFileReference; name = "CDVBattery.h"; path = "cordova-plugin-battery-status/CDVBattery.h"; sourceTree = "<group>"; fileEncoding = 4; lastKnownFileType = sourcecode.c.h; explicitFileType = undefined; includeInIndex = 0; };
		73A12E599B12418295157395 /* CDVAccelerometer.m */ = {isa = PBXFileReference; name = "CDVAccelerometer.m"; path = "cordova-plugin-device-motion/CDVAccelerometer.m"; sourceTree = "<group>"; fileEncoding = 4; lastKnownFileType = sourcecode.c.objc; explicitFileType = undefined; includeInIndex = 0; };
		1DE1B9C3F3DF4EB69C5DEBB5 /* CDVAccelerometer.h */ = {isa = PBXFileReference; name = "CDVAccelerometer.h"; path = "cordova-plugin-device-motion/CDVAccelerometer.h"; sourceTree = "<group>"; fileEncoding = 4; lastKnownFileType = sourcecode.c.h; explicitFileType = undefined; includeInIndex = 0; };
		D880535092B5470A812F8C24 /* CoreMotion.framework */ = {isa = PBXFileReference; name = "CoreMotion.framework"; path = "System/Library/Frameworks/CoreMotion.framework"; sourceTree = SDKROOT; fileEncoding = undefined; lastKnownFileType = wrapper.framework; explicitFileType = undefined; includeInIndex = 0; };
		4D7C430C16CB4402AFA24803 /* CDVCompass.m */ = {isa = PBXFileReference; name = "CDVCompass.m"; path = "cordova-plugin-device-orientation/CDVCompass.m"; sourceTree = "<group>"; fileEncoding = 4; lastKnownFileType = sourcecode.c.objc; explicitFileType = undefined; includeInIndex = 0; };
		DEC993A7B59F45F99C9FC42B /* CDVCompass.h */ = {isa = PBXFileReference; name = "CDVCompass.h"; path = "cordova-plugin-device-orientation/CDVCompass.h"; sourceTree = "<group>"; fileEncoding = 4; lastKnownFileType = sourcecode.c.h; explicitFileType = undefined; includeInIndex = 0; };
		4CEE0CD992304E2DBE53220B /* CoreLocation.framework */ = {isa = PBXFileReference; name = "CoreLocation.framework"; path = "System/Library/Frameworks/CoreLocation.framework"; sourceTree = SDKROOT; fileEncoding = undefined; lastKnownFileType = wrapper.framework; explicitFileType = undefined; includeInIndex = 0; };
		3DEAC487BA77472A97AEE7DF /* CDVLocation.m */ = {isa = PBXFileReference; name = "CDVLocation.m"; path = "cordova-plugin-geolocation/CDVLocation.m"; sourceTree = "<group>"; fileEncoding = 4; lastKnownFileType = sourcecode.c.objc; explicitFileType = undefined; includeInIndex = 0; };
		13C5EC12D0844D53A96217BD /* CDVLocation.h */ = {isa = PBXFileReference; name = "CDVLocation.h"; path = "cordova-plugin-geolocation/CDVLocation.h"; sourceTree = "<group>"; fileEncoding = 4; lastKnownFileType = sourcecode.c.h; explicitFileType = undefined; includeInIndex = 0; };
		CCB2BFF8F18D47F2BE232637 /* UIImage+CropScaleOrientation.m */ = {isa = PBXFileReference; name = "UIImage+CropScaleOrientation.m"; path = "cordova-plugin-camera/UIImage+CropScaleOrientation.m"; sourceTree = "<group>"; fileEncoding = 4; lastKnownFileType = sourcecode.c.objc; explicitFileType = undefined; includeInIndex = 0; };
		9DF717A8BD1D4E3FB4B3089D /* CDVCamera.m */ = {isa = PBXFileReference; name = "CDVCamera.m"; path = "cordova-plugin-camera/CDVCamera.m"; sourceTree = "<group>"; fileEncoding = 4; lastKnownFileType = sourcecode.c.objc; explicitFileType = undefined; includeInIndex = 0; };
		022AF22CB12749B38E919735 /* CDVJpegHeaderWriter.m */ = {isa = PBXFileReference; name = "CDVJpegHeaderWriter.m"; path = "cordova-plugin-camera/CDVJpegHeaderWriter.m"; sourceTree = "<group>"; fileEncoding = 4; lastKnownFileType = sourcecode.c.objc; explicitFileType = undefined; includeInIndex = 0; };
		FDF435AFB05A485BA16FBC06 /* UIImage+CropScaleOrientation.h */ = {isa = PBXFileReference; name = "UIImage+CropScaleOrientation.h"; path = "cordova-plugin-camera/UIImage+CropScaleOrientation.h"; sourceTree = "<group>"; fileEncoding = 4; lastKnownFileType = sourcecode.c.h; explicitFileType = undefined; includeInIndex = 0; };
		A016754A25814DD6AF9D40DD /* CDVCamera.h */ = {isa = PBXFileReference; name = "CDVCamera.h"; path = "cordova-plugin-camera/CDVCamera.h"; sourceTree = "<group>"; fileEncoding = 4; lastKnownFileType = sourcecode.c.h; explicitFileType = undefined; includeInIndex = 0; };
		E36CF77E007040DCBD257DD5 /* CDVJpegHeaderWriter.h */ = {isa = PBXFileReference; name = "CDVJpegHeaderWriter.h"; path = "cordova-plugin-camera/CDVJpegHeaderWriter.h"; sourceTree = "<group>"; fileEncoding = 4; lastKnownFileType = sourcecode.c.h; explicitFileType = undefined; includeInIndex = 0; };
		55DD9DC35F43496385D72865 /* CDVExif.h */ = {isa = PBXFileReference; name = "CDVExif.h"; path = "cordova-plugin-camera/CDVExif.h"; sourceTree = "<group>"; fileEncoding = 4; lastKnownFileType = sourcecode.c.h; explicitFileType = undefined; includeInIndex = 0; };
		7B80832756444F57B47F3367 /* ImageIO.framework */ = {isa = PBXFileReference; name = "ImageIO.framework"; path = "System/Library/Frameworks/ImageIO.framework"; sourceTree = SDKROOT; fileEncoding = undefined; lastKnownFileType = wrapper.framework; explicitFileType = undefined; includeInIndex = 0; };
		55C6E85BAB184B5F92220958 /* AVFoundation.framework */ = {isa = PBXFileReference; name = "AVFoundation.framework"; path = "System/Library/Frameworks/AVFoundation.framework"; sourceTree = SDKROOT; fileEncoding = undefined; lastKnownFileType = wrapper.framework; explicitFileType = undefined; includeInIndex = 0; };
		91ABF2AFD98F4CCFBDCAFDBD /* CDVFile.m */ = {isa = PBXFileReference; name = "CDVFile.m"; path = "cordova-plugin-file/CDVFile.m"; sourceTree = "<group>"; fileEncoding = 4; lastKnownFileType = sourcecode.c.objc; explicitFileType = undefined; includeInIndex = 0; };
		B7B25F36415B4F14BFA3F512 /* CDVLocalFilesystem.m */ = {isa = PBXFileReference; name = "CDVLocalFilesystem.m"; path = "cordova-plugin-file/CDVLocalFilesystem.m"; sourceTree = "<group>"; fileEncoding = 4; lastKnownFileType = sourcecode.c.objc; explicitFileType = undefined; includeInIndex = 0; };
		B19469DBAE104A0FBCE77472 /* CDVAssetLibraryFilesystem.m */ = {isa = PBXFileReference; name = "CDVAssetLibraryFilesystem.m"; path = "cordova-plugin-file/CDVAssetLibraryFilesystem.m"; sourceTree = "<group>"; fileEncoding = 4; lastKnownFileType = sourcecode.c.objc; explicitFileType = undefined; includeInIndex = 0; };
		CCB15D989E3D480DA2DF2F12 /* CDVFile.h */ = {isa = PBXFileReference; name = "CDVFile.h"; path = "cordova-plugin-file/CDVFile.h"; sourceTree = "<group>"; fileEncoding = 4; lastKnownFileType = sourcecode.c.h; explicitFileType = undefined; includeInIndex = 0; };
		8FD38B856CE040D083043ED3 /* CDVLocalFilesystem.h */ = {isa = PBXFileReference; name = "CDVLocalFilesystem.h"; path = "cordova-plugin-file/CDVLocalFilesystem.h"; sourceTree = "<group>"; fileEncoding = 4; lastKnownFileType = sourcecode.c.h; explicitFileType = undefined; includeInIndex = 0; };
		AD74A51C60DF43078E4B3C5D /* CDVAssetLibraryFilesystem.h */ = {isa = PBXFileReference; name = "CDVAssetLibraryFilesystem.h"; path = "cordova-plugin-file/CDVAssetLibraryFilesystem.h"; sourceTree = "<group>"; fileEncoding = 4; lastKnownFileType = sourcecode.c.h; explicitFileType = undefined; includeInIndex = 0; };
		EC8FD11D3EA748E48D2EB4ED /* CDVCapture.m */ = {isa = PBXFileReference; name = "CDVCapture.m"; path = "cordova-plugin-media-capture/CDVCapture.m"; sourceTree = "<group>"; fileEncoding = 4; lastKnownFileType = sourcecode.c.objc; explicitFileType = undefined; includeInIndex = 0; };
		D93DD44535784B498AB2DFBD /* CDVCapture.h */ = {isa = PBXFileReference; name = "CDVCapture.h"; path = "cordova-plugin-media-capture/CDVCapture.h"; sourceTree = "<group>"; fileEncoding = 4; lastKnownFileType = sourcecode.c.h; explicitFileType = undefined; includeInIndex = 0; };
		C236E2B94C104DD18E8F3EC0 /* CDVCapture.bundle */ = {isa = PBXFileReference; name = "CDVCapture.bundle"; path = "CDVCapture.bundle"; sourceTree = "<group>"; fileEncoding = undefined; lastKnownFileType = wrapper.plug-in; explicitFileType = undefined; includeInIndex = 0; };
		1AC0CE12B53F4D11848DF945 /* CDVFileTransfer.m */ = {isa = PBXFileReference; name = "CDVFileTransfer.m"; path = "cordova-plugin-file-transfer/CDVFileTransfer.m"; sourceTree = "<group>"; fileEncoding = 4; lastKnownFileType = sourcecode.c.objc; explicitFileType = undefined; includeInIndex = 0; };
		187D6519EA7E418D9414844A /* CDVFileTransfer.h */ = {isa = PBXFileReference; name = "CDVFileTransfer.h"; path = "cordova-plugin-file-transfer/CDVFileTransfer.h"; sourceTree = "<group>"; fileEncoding = 4; lastKnownFileType = sourcecode.c.h; explicitFileType = undefined; includeInIndex = 0; };
		A126D6F1D96E4745932C4FEA /* CDVNotification.m */ = {isa = PBXFileReference; name = "CDVNotification.m"; path = "cordova-plugin-dialogs/CDVNotification.m"; sourceTree = "<group>"; fileEncoding = 4; lastKnownFileType = sourcecode.c.objc; explicitFileType = undefined; includeInIndex = 0; };
		D566A188B6244D2B9B524A33 /* CDVNotification.h */ = {isa = PBXFileReference; name = "CDVNotification.h"; path = "cordova-plugin-dialogs/CDVNotification.h"; sourceTree = "<group>"; fileEncoding = 4; lastKnownFileType = sourcecode.c.h; explicitFileType = undefined; includeInIndex = 0; };
		1FFE72D84F2147509D74DDA3 /* CDVNotification.bundle */ = {isa = PBXFileReference; name = "CDVNotification.bundle"; path = "CDVNotification.bundle"; sourceTree = "<group>"; fileEncoding = undefined; lastKnownFileType = wrapper.plug-in; explicitFileType = undefined; includeInIndex = 0; };
		DA77AF005E254FEEA6056F20 /* AudioToolbox.framework */ = {isa = PBXFileReference; name = "AudioToolbox.framework"; path = "System/Library/Frameworks/AudioToolbox.framework"; sourceTree = SDKROOT; fileEncoding = undefined; lastKnownFileType = wrapper.framework; explicitFileType = undefined; includeInIndex = 0; };
		6AFCAD0F1B9044B6ACE00EC3 /* CDVVibration.m */ = {isa = PBXFileReference; name = "CDVVibration.m"; path = "cordova-plugin-vibration/CDVVibration.m"; sourceTree = "<group>"; fileEncoding = 4; lastKnownFileType = sourcecode.c.objc; explicitFileType = undefined; includeInIndex = 0; };
		26E645D5C0194E3681209B74 /* CDVVibration.h */ = {isa = PBXFileReference; name = "CDVVibration.h"; path = "cordova-plugin-vibration/CDVVibration.h"; sourceTree = "<group>"; fileEncoding = 4; lastKnownFileType = sourcecode.c.h; explicitFileType = undefined; includeInIndex = 0; };
		CD8FEBFE867B414291ABA234 /* CDVContacts.m */ = {isa = PBXFileReference; name = "CDVContacts.m"; path = "cordova-plugin-contacts/CDVContacts.m"; sourceTree = "<group>"; fileEncoding = 4; lastKnownFileType = sourcecode.c.objc; explicitFileType = undefined; includeInIndex = 0; };
		590A4A4E404D46A7886F3C12 /* CDVContact.m */ = {isa = PBXFileReference; name = "CDVContact.m"; path = "cordova-plugin-contacts/CDVContact.m"; sourceTree = "<group>"; fileEncoding = 4; lastKnownFileType = sourcecode.c.objc; explicitFileType = undefined; includeInIndex = 0; };
		EA2A8D7DB6634243BC431E81 /* CDVContacts.h */ = {isa = PBXFileReference; name = "CDVContacts.h"; path = "cordova-plugin-contacts/CDVContacts.h"; sourceTree = "<group>"; fileEncoding = 4; lastKnownFileType = sourcecode.c.h; explicitFileType = undefined; includeInIndex = 0; };
		C17278509CD241F9959A8126 /* CDVContact.h */ = {isa = PBXFileReference; name = "CDVContact.h"; path = "cordova-plugin-contacts/CDVContact.h"; sourceTree = "<group>"; fileEncoding = 4; lastKnownFileType = sourcecode.c.h; explicitFileType = undefined; includeInIndex = 0; };
		B0BAC8AD41064405964981DF /* AddressBook.framework */ = {isa = PBXFileReference; name = "AddressBook.framework"; path = "System/Library/Frameworks/AddressBook.framework"; sourceTree = SDKROOT; fileEncoding = undefined; lastKnownFileType = wrapper.framework; explicitFileType = undefined; includeInIndex = 0; };
		83E79791063C42FFAF24AC39 /* AddressBookUI.framework */ = {isa = PBXFileReference; name = "AddressBookUI.framework"; path = "System/Library/Frameworks/AddressBookUI.framework"; sourceTree = SDKROOT; fileEncoding = undefined; lastKnownFileType = wrapper.framework; explicitFileType = undefined; includeInIndex = 0; };
		15E3BEB604E04E89A7671429 /* CDVGlobalization.m */ = {isa = PBXFileReference; name = "CDVGlobalization.m"; path = "cordova-plugin-globalization/CDVGlobalization.m"; sourceTree = "<group>"; fileEncoding = 4; lastKnownFileType = sourcecode.c.objc; explicitFileType = undefined; includeInIndex = 0; };
		93FBAB8C018E492B9BDB7457 /* CDVGlobalization.h */ = {isa = PBXFileReference; name = "CDVGlobalization.h"; path = "cordova-plugin-globalization/CDVGlobalization.h"; sourceTree = "<group>"; fileEncoding = 4; lastKnownFileType = sourcecode.c.h; explicitFileType = undefined; includeInIndex = 0; };
		65190C1772E0446D9CAE365A /* CDVSplashScreen.m */ = {isa = PBXFileReference; name = "CDVSplashScreen.m"; path = "cordova-plugin-splashscreen/CDVSplashScreen.m"; sourceTree = "<group>"; fileEncoding = 4; lastKnownFileType = sourcecode.c.objc; explicitFileType = undefined; includeInIndex = 0; };
		C6A8C194C2D94793B07E125A /* CDVViewController+SplashScreen.m */ = {isa = PBXFileReference; name = "CDVViewController+SplashScreen.m"; path = "cordova-plugin-splashscreen/CDVViewController+SplashScreen.m"; sourceTree = "<group>"; fileEncoding = 4; lastKnownFileType = sourcecode.c.objc; explicitFileType = undefined; includeInIndex = 0; };
		9679D7B2A29F4F8D8CCF6A55 /* CDVSplashScreen.h */ = {isa = PBXFileReference; name = "CDVSplashScreen.h"; path = "cordova-plugin-splashscreen/CDVSplashScreen.h"; sourceTree = "<group>"; fileEncoding = 4; lastKnownFileType = sourcecode.c.h; explicitFileType = undefined; includeInIndex = 0; };
		B42F0B68745342668285AC22 /* CDVViewController+SplashScreen.h */ = {isa = PBXFileReference; name = "CDVViewController+SplashScreen.h"; path = "cordova-plugin-splashscreen/CDVViewController+SplashScreen.h"; sourceTree = "<group>"; fileEncoding = 4; lastKnownFileType = sourcecode.c.h; explicitFileType = undefined; includeInIndex = 0; };
		59DCF86C3C104D758C6F4F86 /* CDVInAppBrowser.m */ = {isa = PBXFileReference; name = "CDVInAppBrowser.m"; path = "cordova-plugin-inappbrowser/CDVInAppBrowser.m"; sourceTree = "<group>"; fileEncoding = 4; lastKnownFileType = sourcecode.c.objc; explicitFileType = undefined; includeInIndex = 0; };
		C6454AECA628459D8A7F8ACE /* CDVInAppBrowser.h */ = {isa = PBXFileReference; name = "CDVInAppBrowser.h"; path = "cordova-plugin-inappbrowser/CDVInAppBrowser.h"; sourceTree = "<group>"; fileEncoding = 4; lastKnownFileType = sourcecode.c.h; explicitFileType = undefined; includeInIndex = 0; };
		CC8BB4DAA20A4B9585E3BD25 /* SQLitePlugin.m */ = {isa = PBXFileReference; name = "SQLitePlugin.m"; path = "cordova-sqlite-storage/SQLitePlugin.m"; sourceTree = "<group>"; fileEncoding = 4; lastKnownFileType = sourcecode.c.objc; explicitFileType = undefined; includeInIndex = 0; };
		2AAE9BD8F1B845C6BB461568 /* PSPDFThreadSafeMutableDictionary.m */ = {isa = PBXFileReference; name = "PSPDFThreadSafeMutableDictionary.m"; path = "cordova-sqlite-storage/PSPDFThreadSafeMutableDictionary.m"; sourceTree = "<group>"; fileEncoding = 4; lastKnownFileType = sourcecode.c.objc; explicitFileType = undefined; includeInIndex = 0; };
		8E7A4CDE128F4662BC21DE5B /* sqlite3.c */ = {isa = PBXFileReference; name = "sqlite3.c"; path = "cordova-sqlite-storage/sqlite3.c"; sourceTree = "<group>"; fileEncoding = undefined; lastKnownFileType = unknown; explicitFileType = undefined; includeInIndex = 0; };
		A9143D74B29D4A6EAF6B241A /* SQLitePlugin.h */ = {isa = PBXFileReference; name = "SQLitePlugin.h"; path = "cordova-sqlite-storage/SQLitePlugin.h"; sourceTree = "<group>"; fileEncoding = 4; lastKnownFileType = sourcecode.c.h; explicitFileType = undefined; includeInIndex = 0; };
		47282613D1874C899143E7CC /* PSPDFThreadSafeMutableDictionary.h */ = {isa = PBXFileReference; name = "PSPDFThreadSafeMutableDictionary.h"; path = "cordova-sqlite-storage/PSPDFThreadSafeMutableDictionary.h"; sourceTree = "<group>"; fileEncoding = 4; lastKnownFileType = sourcecode.c.h; explicitFileType = undefined; includeInIndex = 0; };
		17705D09217F43B5A35B2D2A /* sqlite3.h */ = {isa = PBXFileReference; name = "sqlite3.h"; path = "cordova-sqlite-storage/sqlite3.h"; sourceTree = "<group>"; fileEncoding = 4; lastKnownFileType = sourcecode.c.h; explicitFileType = undefined; includeInIndex = 0; };
		51CA5131B84D42A187774198 /* SQLitePlugin.m */ = {isa = PBXFileReference; name = "SQLitePlugin.m"; path = "cordova-plugin-sqlite-2/SQLitePlugin.m"; sourceTree = "<group>"; fileEncoding = 4; lastKnownFileType = sourcecode.c.objc; explicitFileType = undefined; includeInIndex = 0; };
		CE7BBBB7D5AC4C80A05DDC70 /* SQLitePlugin.h */ = {isa = PBXFileReference; name = "SQLitePlugin.h"; path = "cordova-plugin-sqlite-2/SQLitePlugin.h"; sourceTree = "<group>"; fileEncoding = 4; lastKnownFileType = sourcecode.c.h; explicitFileType = undefined; includeInIndex = 0; };
		56790E66BAA446E788938DE6 /* libsqlite3.dylib */ = {isa = PBXFileReference; name = "libsqlite3.dylib"; path = "usr/lib/libsqlite3.dylib"; sourceTree = SDKROOT; fileEncoding = undefined; lastKnownFileType = compiled.mach-o.dylib; explicitFileType = undefined; includeInIndex = 0; };
		8DCB5884B6AF49D4871B02AC /* ZipPlugin.m */ = {isa = PBXFileReference; name = "ZipPlugin.m"; path = "cordova-plugin-zip/ZipPlugin.m"; sourceTree = "<group>"; fileEncoding = 4; lastKnownFileType = sourcecode.c.objc; explicitFileType = undefined; includeInIndex = 0; };
		1348850D0921407E815C46D9 /* aescrypt.c */ = {isa = PBXFileReference; name = "aescrypt.c"; path = "cordova-plugin-zip/Plugins/aes/aescrypt.c"; sourceTree = "<group>"; fileEncoding = undefined; lastKnownFileType = unknown; explicitFileType = undefined; includeInIndex = 0; };
		5AA8E6BCB506483F9675818A /* aeskey.c */ = {isa = PBXFileReference; name = "aeskey.c"; path = "cordova-plugin-zip/Plugins/aes/aeskey.c"; sourceTree = "<group>"; fileEncoding = undefined; lastKnownFileType = unknown; explicitFileType = undefined; includeInIndex = 0; };
		AD0C42E1434847489F1E8E21 /* aestab.c */ = {isa = PBXFileReference; name = "aestab.c"; path = "cordova-plugin-zip/Plugins/aes/aestab.c"; sourceTree = "<group>"; fileEncoding = undefined; lastKnownFileType = unknown; explicitFileType = undefined; includeInIndex = 0; };
		3B31A739F6CE4E64A0A0A865 /* entropy.c */ = {isa = PBXFileReference; name = "entropy.c"; path = "cordova-plugin-zip/Plugins/aes/entropy.c"; sourceTree = "<group>"; fileEncoding = undefined; lastKnownFileType = unknown; explicitFileType = undefined; includeInIndex = 0; };
		F5164126E7F14705AE3FCB7B /* fileenc.c */ = {isa = PBXFileReference; name = "fileenc.c"; path = "cordova-plugin-zip/Plugins/aes/fileenc.c"; sourceTree = "<group>"; fileEncoding = undefined; lastKnownFileType = unknown; explicitFileType = undefined; includeInIndex = 0; };
		3E5CAB96BDE449CC8C9AE561 /* hmac.c */ = {isa = PBXFileReference; name = "hmac.c"; path = "cordova-plugin-zip/Plugins/aes/hmac.c"; sourceTree = "<group>"; fileEncoding = undefined; lastKnownFileType = unknown; explicitFileType = undefined; includeInIndex = 0; };
		95851D63202F4EE4A8D64AA7 /* prng.c */ = {isa = PBXFileReference; name = "prng.c"; path = "cordova-plugin-zip/Plugins/aes/prng.c"; sourceTree = "<group>"; fileEncoding = undefined; lastKnownFileType = unknown; explicitFileType = undefined; includeInIndex = 0; };
		FA92CA28A0EC49918D61C709 /* pwd2key.c */ = {isa = PBXFileReference; name = "pwd2key.c"; path = "cordova-plugin-zip/Plugins/aes/pwd2key.c"; sourceTree = "<group>"; fileEncoding = undefined; lastKnownFileType = unknown; explicitFileType = undefined; includeInIndex = 0; };
		30BCD0248D2D41B48940D619 /* sha1.c */ = {isa = PBXFileReference; name = "sha1.c"; path = "cordova-plugin-zip/Plugins/aes/sha1.c"; sourceTree = "<group>"; fileEncoding = undefined; lastKnownFileType = unknown; explicitFileType = undefined; includeInIndex = 0; };
		5527C0B8DD9E4A8AB636FFD1 /* SSZipArchive.m */ = {isa = PBXFileReference; name = "SSZipArchive.m"; path = "cordova-plugin-zip/Plugins/minizip/SSZipArchive.m"; sourceTree = "<group>"; fileEncoding = 4; lastKnownFileType = sourcecode.c.objc; explicitFileType = undefined; includeInIndex = 0; };
		BAFC24A2C6034885809DDEE9 /* zip.c */ = {isa = PBXFileReference; name = "zip.c"; path = "cordova-plugin-zip/Plugins/minizip/zip.c"; sourceTree = "<group>"; fileEncoding = undefined; lastKnownFileType = unknown; explicitFileType = undefined; includeInIndex = 0; };
		CB383677506541A6AC728613 /* unzip.c */ = {isa = PBXFileReference; name = "unzip.c"; path = "cordova-plugin-zip/Plugins/minizip/unzip.c"; sourceTree = "<group>"; fileEncoding = undefined; lastKnownFileType = unknown; explicitFileType = undefined; includeInIndex = 0; };
		5D852B5AB765482DBADD3EA6 /* mztools.c */ = {isa = PBXFileReference; name = "mztools.c"; path = "cordova-plugin-zip/Plugins/minizip/mztools.c"; sourceTree = "<group>"; fileEncoding = undefined; lastKnownFileType = unknown; explicitFileType = undefined; includeInIndex = 0; };
		BECFAB99FFB34FC0BC647FA1 /* ioapi.c */ = {isa = PBXFileReference; name = "ioapi.c"; path = "cordova-plugin-zip/Plugins/minizip/ioapi.c"; sourceTree = "<group>"; fileEncoding = undefined; lastKnownFileType = unknown; explicitFileType = undefined; includeInIndex = 0; };
		9EEDFE94CCD849ACA351D8A3 /* ZipPlugin.h */ = {isa = PBXFileReference; name = "ZipPlugin.h"; path = "cordova-plugin-zip/ZipPlugin.h"; sourceTree = "<group>"; fileEncoding = 4; lastKnownFileType = sourcecode.c.h; explicitFileType = undefined; includeInIndex = 0; };
		A04B07120566426196C5A8EE /* Common.h */ = {isa = PBXFileReference; name = "Common.h"; path = "cordova-plugin-zip/Common.h"; sourceTree = "<group>"; fileEncoding = 4; lastKnownFileType = sourcecode.c.h; explicitFileType = undefined; includeInIndex = 0; };
		669C8101FDBE4C22B7D6D188 /* aes.h */ = {isa = PBXFileReference; name = "aes.h"; path = "cordova-plugin-zip/Plugins/aes/aes.h"; sourceTree = "<group>"; fileEncoding = 4; lastKnownFileType = sourcecode.c.h; explicitFileType = undefined; includeInIndex = 0; };
		149BA242ABC4403A9188225D /* aes_via_ace.h */ = {isa = PBXFileReference; name = "aes_via_ace.h"; path = "cordova-plugin-zip/Plugins/aes/aes_via_ace.h"; sourceTree = "<group>"; fileEncoding = 4; lastKnownFileType = sourcecode.c.h; explicitFileType = undefined; includeInIndex = 0; };
		2634E135095241D3B22757EB /* aesopt.h */ = {isa = PBXFileReference; name = "aesopt.h"; path = "cordova-plugin-zip/Plugins/aes/aesopt.h"; sourceTree = "<group>"; fileEncoding = 4; lastKnownFileType = sourcecode.c.h; explicitFileType = undefined; includeInIndex = 0; };
		0C67A2049A974E999BA4869F /* aestab.h */ = {isa = PBXFileReference; name = "aestab.h"; path = "cordova-plugin-zip/Plugins/aes/aestab.h"; sourceTree = "<group>"; fileEncoding = 4; lastKnownFileType = sourcecode.c.h; explicitFileType = undefined; includeInIndex = 0; };
		8CF8E89066754E64B0D20457 /* brg_endian.h */ = {isa = PBXFileReference; name = "brg_endian.h"; path = "cordova-plugin-zip/Plugins/aes/brg_endian.h"; sourceTree = "<group>"; fileEncoding = 4; lastKnownFileType = sourcecode.c.h; explicitFileType = undefined; includeInIndex = 0; };
		56B0F805FB964EB786C1FEB7 /* brg_types.h */ = {isa = PBXFileReference; name = "brg_types.h"; path = "cordova-plugin-zip/Plugins/aes/brg_types.h"; sourceTree = "<group>"; fileEncoding = 4; lastKnownFileType = sourcecode.c.h; explicitFileType = undefined; includeInIndex = 0; };
		720656AE76874F60A57B47AA /* entropy.h */ = {isa = PBXFileReference; name = "entropy.h"; path = "cordova-plugin-zip/Plugins/aes/entropy.h"; sourceTree = "<group>"; fileEncoding = 4; lastKnownFileType = sourcecode.c.h; explicitFileType = undefined; includeInIndex = 0; };
		3EF63AD3FD3E41E9A1418896 /* fileenc.h */ = {isa = PBXFileReference; name = "fileenc.h"; path = "cordova-plugin-zip/Plugins/aes/fileenc.h"; sourceTree = "<group>"; fileEncoding = 4; lastKnownFileType = sourcecode.c.h; explicitFileType = undefined; includeInIndex = 0; };
		EAD8F45D67F643D498FEDDA4 /* hmac.h */ = {isa = PBXFileReference; name = "hmac.h"; path = "cordova-plugin-zip/Plugins/aes/hmac.h"; sourceTree = "<group>"; fileEncoding = 4; lastKnownFileType = sourcecode.c.h; explicitFileType = undefined; includeInIndex = 0; };
		FACCBF38E2ED4CCCB4EF102E /* prng.h */ = {isa = PBXFileReference; name = "prng.h"; path = "cordova-plugin-zip/Plugins/aes/prng.h"; sourceTree = "<group>"; fileEncoding = 4; lastKnownFileType = sourcecode.c.h; explicitFileType = undefined; includeInIndex = 0; };
		C5B25847E53743F68026E1FA /* pwd2key.h */ = {isa = PBXFileReference; name = "pwd2key.h"; path = "cordova-plugin-zip/Plugins/aes/pwd2key.h"; sourceTree = "<group>"; fileEncoding = 4; lastKnownFileType = sourcecode.c.h; explicitFileType = undefined; includeInIndex = 0; };
		9A0F5627D984447A95AE019D /* sha1.h */ = {isa = PBXFileReference; name = "sha1.h"; path = "cordova-plugin-zip/Plugins/aes/sha1.h"; sourceTree = "<group>"; fileEncoding = 4; lastKnownFileType = sourcecode.c.h; explicitFileType = undefined; includeInIndex = 0; };
		018B8E6FA9C845AEA125DE8F /* SSZipArchive.h */ = {isa = PBXFileReference; name = "SSZipArchive.h"; path = "cordova-plugin-zip/Plugins/minizip/SSZipArchive.h"; sourceTree = "<group>"; fileEncoding = 4; lastKnownFileType = sourcecode.c.h; explicitFileType = undefined; includeInIndex = 0; };
		FEFE05DDED2E4344B19CB16F /* zip.h */ = {isa = PBXFileReference; name = "zip.h"; path = "cordova-plugin-zip/Plugins/minizip/zip.h"; sourceTree = "<group>"; fileEncoding = 4; lastKnownFileType = sourcecode.c.h; explicitFileType = undefined; includeInIndex = 0; };
		841C57175625423DA221B470 /* unzip.h */ = {isa = PBXFileReference; name = "unzip.h"; path = "cordova-plugin-zip/Plugins/minizip/unzip.h"; sourceTree = "<group>"; fileEncoding = 4; lastKnownFileType = sourcecode.c.h; explicitFileType = undefined; includeInIndex = 0; };
		C0790FC91C9D42A4AA03FBE7 /* mztools.h */ = {isa = PBXFileReference; name = "mztools.h"; path = "cordova-plugin-zip/Plugins/minizip/mztools.h"; sourceTree = "<group>"; fileEncoding = 4; lastKnownFileType = sourcecode.c.h; explicitFileType = undefined; includeInIndex = 0; };
		484D6EEB7C1042A1AF1D9DC4 /* ioapi.h */ = {isa = PBXFileReference; name = "ioapi.h"; path = "cordova-plugin-zip/Plugins/minizip/ioapi.h"; sourceTree = "<group>"; fileEncoding = 4; lastKnownFileType = sourcecode.c.h; explicitFileType = undefined; includeInIndex = 0; };
		C998941FA3BF42E3835E576B /* crypt.h */ = {isa = PBXFileReference; name = "crypt.h"; path = "cordova-plugin-zip/Plugins/minizip/crypt.h"; sourceTree = "<group>"; fileEncoding = 4; lastKnownFileType = sourcecode.c.h; explicitFileType = undefined; includeInIndex = 0; };
		E9BC202D48C047E28B0081AD /* libz.dylib */ = {isa = PBXFileReference; name = "libz.dylib"; path = "usr/lib/libz.dylib"; sourceTree = SDKROOT; fileEncoding = undefined; lastKnownFileType = compiled.mach-o.dylib; explicitFileType = undefined; includeInIndex = 0; };
		DE90B7DAF6F6462194297642 /* md5chksum.m */ = {isa = PBXFileReference; name = "md5chksum.m"; path = "cordova-plugin-file-md5/md5chksum.m"; sourceTree = "<group>"; fileEncoding = 4; lastKnownFileType = sourcecode.c.objc; explicitFileType = undefined; includeInIndex = 0; };
		0C66FCD810024EF9867BC809 /* md5chksum.h */ = {isa = PBXFileReference; name = "md5chksum.h"; path = "cordova-plugin-file-md5/md5chksum.h"; sourceTree = "<group>"; fileEncoding = 4; lastKnownFileType = sourcecode.c.h; explicitFileType = undefined; includeInIndex = 0; };
		26DE0C4DE7C749CC93B803EE /* CDVOrientation.m */ = {isa = PBXFileReference; name = "CDVOrientation.m"; path = "cordova-plugin-screen-orientation/CDVOrientation.m"; sourceTree = "<group>"; fileEncoding = 4; lastKnownFileType = sourcecode.c.objc; explicitFileType = undefined; includeInIndex = 0; };
		BB272C0B01B94BC0AEA65726 /* CDVOrientation.h */ = {isa = PBXFileReference; name = "CDVOrientation.h"; path = "cordova-plugin-screen-orientation/CDVOrientation.h"; sourceTree = "<group>"; fileEncoding = 4; lastKnownFileType = sourcecode.c.h; explicitFileType = undefined; includeInIndex = 0; };
		8984B0647CCF42D59A766187 /* Diagnostic.m */ = {isa = PBXFileReference; name = "Diagnostic.m"; path = "cordova.plugins.diagnostic/Diagnostic.m"; sourceTree = "<group>"; fileEncoding = 4; lastKnownFileType = sourcecode.c.objc; explicitFileType = undefined; includeInIndex = 0; };
		A7EEDC2C182E4668B4DA2C08 /* Diagnostic_Location.m */ = {isa = PBXFileReference; name = "Diagnostic_Location.m"; path = "cordova.plugins.diagnostic/Diagnostic_Location.m"; sourceTree = "<group>"; fileEncoding = 4; lastKnownFileType = sourcecode.c.objc; explicitFileType = undefined; includeInIndex = 0; };
		A8E86C48F75A4268B8FDFE80 /* Diagnostic_Bluetooth.m */ = {isa = PBXFileReference; name = "Diagnostic_Bluetooth.m"; path = "cordova.plugins.diagnostic/Diagnostic_Bluetooth.m"; sourceTree = "<group>"; fileEncoding = 4; lastKnownFileType = sourcecode.c.objc; explicitFileType = undefined; includeInIndex = 0; };
		D05D7C35ED224CA0BCD24F52 /* Diagnostic_Wifi.m */ = {isa = PBXFileReference; name = "Diagnostic_Wifi.m"; path = "cordova.plugins.diagnostic/Diagnostic_Wifi.m"; sourceTree = "<group>"; fileEncoding = 4; lastKnownFileType = sourcecode.c.objc; explicitFileType = undefined; includeInIndex = 0; };
		E475E05772D34F0EBEDFC75E /* Diagnostic_Camera.m */ = {isa = PBXFileReference; name = "Diagnostic_Camera.m"; path = "cordova.plugins.diagnostic/Diagnostic_Camera.m"; sourceTree = "<group>"; fileEncoding = 4; lastKnownFileType = sourcecode.c.objc; explicitFileType = undefined; includeInIndex = 0; };
		5CBE38AD0D27434A86C7E133 /* Diagnostic_Notifications.m */ = {isa = PBXFileReference; name = "Diagnostic_Notifications.m"; path = "cordova.plugins.diagnostic/Diagnostic_Notifications.m"; sourceTree = "<group>"; fileEncoding = 4; lastKnownFileType = sourcecode.c.objc; explicitFileType = undefined; includeInIndex = 0; };
		9F77B0AF88FD404EA3D96F7C /* Diagnostic_Microphone.m */ = {isa = PBXFileReference; name = "Diagnostic_Microphone.m"; path = "cordova.plugins.diagnostic/Diagnostic_Microphone.m"; sourceTree = "<group>"; fileEncoding = 4; lastKnownFileType = sourcecode.c.objc; explicitFileType = undefined; includeInIndex = 0; };
		48763B0382F04815B370B495 /* Diagnostic_Contacts.m */ = {isa = PBXFileReference; name = "Diagnostic_Contacts.m"; path = "cordova.plugins.diagnostic/Diagnostic_Contacts.m"; sourceTree = "<group>"; fileEncoding = 4; lastKnownFileType = sourcecode.c.objc; explicitFileType = undefined; includeInIndex = 0; };
		9755FE40215F4666B3AC6F01 /* Diagnostic_Calendar.m */ = {isa = PBXFileReference; name = "Diagnostic_Calendar.m"; path = "cordova.plugins.diagnostic/Diagnostic_Calendar.m"; sourceTree = "<group>"; fileEncoding = 4; lastKnownFileType = sourcecode.c.objc; explicitFileType = undefined; includeInIndex = 0; };
		98510813C75C49D4B95A320C /* Diagnostic_Reminders.m */ = {isa = PBXFileReference; name = "Diagnostic_Reminders.m"; path = "cordova.plugins.diagnostic/Diagnostic_Reminders.m"; sourceTree = "<group>"; fileEncoding = 4; lastKnownFileType = sourcecode.c.objc; explicitFileType = undefined; includeInIndex = 0; };
		23621ADB45D440C8934D2CBA /* Diagnostic_Motion.m */ = {isa = PBXFileReference; name = "Diagnostic_Motion.m"; path = "cordova.plugins.diagnostic/Diagnostic_Motion.m"; sourceTree = "<group>"; fileEncoding = 4; lastKnownFileType = sourcecode.c.objc; explicitFileType = undefined; includeInIndex = 0; };
		F39B95695A3E4DBBB1A0DB2C /* Diagnostic.h */ = {isa = PBXFileReference; name = "Diagnostic.h"; path = "cordova.plugins.diagnostic/Diagnostic.h"; sourceTree = "<group>"; fileEncoding = 4; lastKnownFileType = sourcecode.c.h; explicitFileType = undefined; includeInIndex = 0; };
		F35D7A3C265C4239AA4A6185 /* Diagnostic_Location.h */ = {isa = PBXFileReference; name = "Diagnostic_Location.h"; path = "cordova.plugins.diagnostic/Diagnostic_Location.h"; sourceTree = "<group>"; fileEncoding = 4; lastKnownFileType = sourcecode.c.h; explicitFileType = undefined; includeInIndex = 0; };
		5CE19EFCEDE240B8A6BF51E2 /* Diagnostic_Bluetooth.h */ = {isa = PBXFileReference; name = "Diagnostic_Bluetooth.h"; path = "cordova.plugins.diagnostic/Diagnostic_Bluetooth.h"; sourceTree = "<group>"; fileEncoding = 4; lastKnownFileType = sourcecode.c.h; explicitFileType = undefined; includeInIndex = 0; };
		9C91E68BCBB84A35A94FF8E0 /* Diagnostic_Wifi.h */ = {isa = PBXFileReference; name = "Diagnostic_Wifi.h"; path = "cordova.plugins.diagnostic/Diagnostic_Wifi.h"; sourceTree = "<group>"; fileEncoding = 4; lastKnownFileType = sourcecode.c.h; explicitFileType = undefined; includeInIndex = 0; };
		3F012B2682884D58888523B6 /* Diagnostic_Camera.h */ = {isa = PBXFileReference; name = "Diagnostic_Camera.h"; path = "cordova.plugins.diagnostic/Diagnostic_Camera.h"; sourceTree = "<group>"; fileEncoding = 4; lastKnownFileType = sourcecode.c.h; explicitFileType = undefined; includeInIndex = 0; };
		CD6805BF903844B8B27EF5A6 /* Diagnostic_Notifications.h */ = {isa = PBXFileReference; name = "Diagnostic_Notifications.h"; path = "cordova.plugins.diagnostic/Diagnostic_Notifications.h"; sourceTree = "<group>"; fileEncoding = 4; lastKnownFileType = sourcecode.c.h; explicitFileType = undefined; includeInIndex = 0; };
		F5003D18C45F4DDCBF1E76AE /* Diagnostic_Microphone.h */ = {isa = PBXFileReference; name = "Diagnostic_Microphone.h"; path = "cordova.plugins.diagnostic/Diagnostic_Microphone.h"; sourceTree = "<group>"; fileEncoding = 4; lastKnownFileType = sourcecode.c.h; explicitFileType = undefined; includeInIndex = 0; };
		31B28E9D0AAA401684DDA9FE /* Diagnostic_Contacts.h */ = {isa = PBXFileReference; name = "Diagnostic_Contacts.h"; path = "cordova.plugins.diagnostic/Diagnostic_Contacts.h"; sourceTree = "<group>"; fileEncoding = 4; lastKnownFileType = sourcecode.c.h; explicitFileType = undefined; includeInIndex = 0; };
		E964EC800B8C408787B9C492 /* Diagnostic_Calendar.h */ = {isa = PBXFileReference; name = "Diagnostic_Calendar.h"; path = "cordova.plugins.diagnostic/Diagnostic_Calendar.h"; sourceTree = "<group>"; fileEncoding = 4; lastKnownFileType = sourcecode.c.h; explicitFileType = undefined; includeInIndex = 0; };
		BD6FB54F1FF047B09743A2C8 /* Diagnostic_Reminders.h */ = {isa = PBXFileReference; name = "Diagnostic_Reminders.h"; path = "cordova.plugins.diagnostic/Diagnostic_Reminders.h"; sourceTree = "<group>"; fileEncoding = 4; lastKnownFileType = sourcecode.c.h; explicitFileType = undefined; includeInIndex = 0; };
		D12739E58F474C319EAB61D6 /* Diagnostic_Motion.h */ = {isa = PBXFileReference; name = "Diagnostic_Motion.h"; path = "cordova.plugins.diagnostic/Diagnostic_Motion.h"; sourceTree = "<group>"; fileEncoding = 4; lastKnownFileType = sourcecode.c.h; explicitFileType = undefined; includeInIndex = 0; };
		62BDE19BE2844E8D9A1F633A /* CoreBluetooth.framework */ = {isa = PBXFileReference; name = "CoreBluetooth.framework"; path = "System/Library/Frameworks/CoreBluetooth.framework"; sourceTree = SDKROOT; fileEncoding = undefined; lastKnownFileType = wrapper.framework; explicitFileType = undefined; includeInIndex = 0; };
		C50481A5ED2844AD8FB36EC0 /* Photos.framework */ = {isa = PBXFileReference; name = "Photos.framework"; path = "System/Library/Frameworks/Photos.framework"; sourceTree = SDKROOT; fileEncoding = undefined; lastKnownFileType = wrapper.framework; explicitFileType = undefined; includeInIndex = 0; };
		2368D94CBAA645E5BFEF7C2C /* UserNotifications.framework */ = {isa = PBXFileReference; name = "UserNotifications.framework"; path = "System/Library/Frameworks/UserNotifications.framework"; sourceTree = SDKROOT; fileEncoding = undefined; lastKnownFileType = wrapper.framework; explicitFileType = undefined; includeInIndex = 0; };
		041C001DC4E24E518E0E947C /* Contacts.framework */ = {isa = PBXFileReference; name = "Contacts.framework"; path = "System/Library/Frameworks/Contacts.framework"; sourceTree = SDKROOT; fileEncoding = undefined; lastKnownFileType = wrapper.framework; explicitFileType = undefined; includeInIndex = 0; };
		5D7795FD0E594CE0A404244C /* EventKit.framework */ = {isa = PBXFileReference; name = "EventKit.framework"; path = "System/Library/Frameworks/EventKit.framework"; sourceTree = SDKROOT; fileEncoding = undefined; lastKnownFileType = wrapper.framework; explicitFileType = undefined; includeInIndex = 0; };
		0CE809E958B24EA3B1FDDFEE /* APPBackgroundMode.m */ = {isa = PBXFileReference; name = "APPBackgroundMode.m"; path = "cordova-plugin-background-mode/APPBackgroundMode.m"; sourceTree = "<group>"; fileEncoding = 4; lastKnownFileType = sourcecode.c.objc; explicitFileType = undefined; includeInIndex = 0; };
		2B626B0C78DA46BEB47608B6 /* APPMethodMagic.m */ = {isa = PBXFileReference; name = "APPMethodMagic.m"; path = "cordova-plugin-background-mode/APPMethodMagic.m"; sourceTree = "<group>"; fileEncoding = 4; lastKnownFileType = sourcecode.c.objc; explicitFileType = undefined; includeInIndex = 0; };
		E310E40102004C298ECE4876 /* APPBackgroundMode.h */ = {isa = PBXFileReference; name = "APPBackgroundMode.h"; path = "cordova-plugin-background-mode/APPBackgroundMode.h"; sourceTree = "<group>"; fileEncoding = 4; lastKnownFileType = sourcecode.c.h; explicitFileType = undefined; includeInIndex = 0; };
		2C1C2AFD44B44C5FB2EA810D /* APPMethodMagic.h */ = {isa = PBXFileReference; name = "APPMethodMagic.h"; path = "cordova-plugin-background-mode/APPMethodMagic.h"; sourceTree = "<group>"; fileEncoding = 4; lastKnownFileType = sourcecode.c.h; explicitFileType = undefined; includeInIndex = 0; };
		7BDCE70BEBEC4C5ABE8C714E /* appbeep.wav */ = {isa = PBXFileReference; name = "appbeep.wav"; path = "appbeep.wav"; sourceTree = "<group>"; fileEncoding = undefined; lastKnownFileType = unknown; explicitFileType = undefined; includeInIndex = 0; };
/* End PBXFileReference section */

/* Begin PBXFrameworksBuildPhase section */
		1D60588F0D05DD3D006BFB54 /* Frameworks */ = {
			isa = PBXFrameworksBuildPhase;
			buildActionMask = 2147483647;
			files = (
				301BF552109A68D80062928A /* libCordova.a in Frameworks */,
				879D96F790524AB1BE524192 /* SystemConfiguration.framework in Frameworks */,
				D305E6DFB606464098B942F2 /* CoreTelephony.framework in Frameworks */,
				0CDD4F98AB34409E953F8205 /* CoreMotion.framework in Frameworks */,
				B7212F42D848467386AC3648 /* CoreLocation.framework in Frameworks */,
				A85AAA91CFEB41BA830F03CA /* ImageIO.framework in Frameworks */,
				98D957DCBBAC42F488C34704 /* AVFoundation.framework in Frameworks */,
				A9B733E2892A4C75A847E1CD /* AudioToolbox.framework in Frameworks */,
				523579D0CD6140899DC68028 /* AddressBook.framework in Frameworks */,
				DF4BB810F26A4E53B1E3C809 /* AddressBookUI.framework in Frameworks */,
				F70735FB534D49B0B22B7FD2 /* libsqlite3.dylib in Frameworks */,
				23F1B889C77E4FC994D2B9DE /* libz.dylib in Frameworks */,
				EA8236DC48D845D78378F1AC /* CoreBluetooth.framework in Frameworks */,
				34C79B90ABC447B2A0887E2A /* Photos.framework in Frameworks */,
				6A4998FCD5DB4A939C35861F /* UserNotifications.framework in Frameworks */,
				DC386822FCEE4EB686747EE5 /* Contacts.framework in Frameworks */,
				435B01CB5AB042A09D10FBB7 /* EventKit.framework in Frameworks */,
			);
			runOnlyForDeploymentPostprocessing = 0;
		};
/* End PBXFrameworksBuildPhase section */

/* Begin PBXGroup section */
		080E96DDFE201D6D7F000001 /* Classes */ = {
			isa = PBXGroup;
			children = (
				302D95EE14D2391D003F00A1 /* MainViewController.h */,
				302D95EF14D2391D003F00A1 /* MainViewController.m */,
				302D95F014D2391D003F00A1 /* MainViewController.xib */,
				1D3623240D0F684500981E51 /* AppDelegate.h */,
				1D3623250D0F684500981E51 /* AppDelegate.m */,
			);
			name = Classes;
			path = "HelloCordova/Classes";
			sourceTree = SOURCE_ROOT;
		};
		19C28FACFE9D520D11CA2CBB /* Products */ = {
			isa = PBXGroup;
			children = (
				1D6058910D05DD3D006BFB54 /* HelloCordova.app */,
			);
			name = Products;
			sourceTree = "<group>";
		};
		29B97314FDCFA39411CA2CEA /* CustomTemplate */ = {
			isa = PBXGroup;
			children = (
				EB87FDF41871DAF40020F90C /* config.xml */,
				EB87FDF31871DA8E0020F90C /* www */,
				EB87FDF11871DA420020F90C /* Staging */,
				301BF52D109A57CC0062928A /* CordovaLib.xcodeproj */,
				080E96DDFE201D6D7F000001 /* Classes */,
				307C750510C5A3420062BCA9 /* Plugins */,
				29B97315FDCFA39411CA2CEA /* Other Sources */,
				29B97317FDCFA39411CA2CEA /* Resources */,
				29B97323FDCFA39411CA2CEA /* Frameworks */,
				19C28FACFE9D520D11CA2CBB /* Products */,
			);
			name = CustomTemplate;
			sourceTree = "<group>";
		};
		29B97315FDCFA39411CA2CEA /* Other Sources */ = {
			isa = PBXGroup;
			children = (
				32CA4F630368D1EE00C91783 /* HelloCordova-Prefix.pch */,
				29B97316FDCFA39411CA2CEA /* main.m */,
				ED33DF2A687741AEAF9F8254 /* Bridging-Header.h */,
			);
			name = "Other Sources";
			path = "HelloCordova";
			sourceTree = "<group>";
		};
		29B97317FDCFA39411CA2CEA /* Resources */ = {
			isa = PBXGroup;
			children = (
				0207DA571B56EA530066E2B4 /* Images.xcassets */,
				3047A50E1AB8057F00498E2A /* config */,
				8D1107310486CEB800E47090 /* HelloCordova-Info.plist */,
				6AFF5BF81D6E424B00AB3073 /* CDVLaunchScreen.storyboard */,
				C236E2B94C104DD18E8F3EC0 /* CDVCapture.bundle */,
				1FFE72D84F2147509D74DDA3 /* CDVNotification.bundle */,
				7BDCE70BEBEC4C5ABE8C714E /* appbeep.wav */,
			);
			name = Resources;
			path = "HelloCordova/Resources";
			sourceTree = "<group>";
		};
		29B97323FDCFA39411CA2CEA /* Frameworks */ = {
			isa = PBXGroup;
			children = (
				03F53CF0A17B4058A82C942F /* SystemConfiguration.framework */,
				AC8234C0421F4A869D97CA42 /* CoreTelephony.framework */,
				D880535092B5470A812F8C24 /* CoreMotion.framework */,
				4CEE0CD992304E2DBE53220B /* CoreLocation.framework */,
				7B80832756444F57B47F3367 /* ImageIO.framework */,
				55C6E85BAB184B5F92220958 /* AVFoundation.framework */,
				DA77AF005E254FEEA6056F20 /* AudioToolbox.framework */,
				B0BAC8AD41064405964981DF /* AddressBook.framework */,
				83E79791063C42FFAF24AC39 /* AddressBookUI.framework */,
				56790E66BAA446E788938DE6 /* libsqlite3.dylib */,
				E9BC202D48C047E28B0081AD /* libz.dylib */,
				62BDE19BE2844E8D9A1F633A /* CoreBluetooth.framework */,
				C50481A5ED2844AD8FB36EC0 /* Photos.framework */,
				2368D94CBAA645E5BFEF7C2C /* UserNotifications.framework */,
				041C001DC4E24E518E0E947C /* Contacts.framework */,
				5D7795FD0E594CE0A404244C /* EventKit.framework */,
			);
			name = Frameworks;
			sourceTree = "<group>";
		};
		301BF52E109A57CC0062928A /* Products */ = {
			isa = PBXGroup;
			children = (
				301BF535109A57CC0062928A /* libCordova.a */,
				907D8124214C687600058A10 /* Cordova.framework */,
			);
			name = Products;
			sourceTree = "<group>";
		};
		3047A50E1AB8057F00498E2A /* config */ = {
			isa = PBXGroup;
			children = (
				3047A50F1AB8059700498E2A /* build-debug.xcconfig */,
				3047A5101AB8059700498E2A /* build-release.xcconfig */,
				3047A5111AB8059700498E2A /* build.xcconfig */,
			);
			name = config;
			sourceTree = "<group>";
		};
		307C750510C5A3420062BCA9 /* Plugins */ = {
			isa = PBXGroup;
			children = (
				726FE45B48214514AE94FF90 /* CDVDevice.m */,
				94D09161714C4129BA26A754 /* CDVDevice.h */,
				B48D740549F2495AA353DD70 /* CDVConnection.m */,
				E73558F76913461FB4314E1D /* CDVReachability.m */,
				BB9513B0772A4AE6AE7EDE8C /* CDVConnection.h */,
				67603EE0D91A417592A06342 /* CDVReachability.h */,
				5E50D3CA57764FA886C9F4AA /* CDVBattery.m */,
				4AC80566AED64658A7CEEC55 /* CDVBattery.h */,
				73A12E599B12418295157395 /* CDVAccelerometer.m */,
				1DE1B9C3F3DF4EB69C5DEBB5 /* CDVAccelerometer.h */,
				4D7C430C16CB4402AFA24803 /* CDVCompass.m */,
				DEC993A7B59F45F99C9FC42B /* CDVCompass.h */,
				3DEAC487BA77472A97AEE7DF /* CDVLocation.m */,
				13C5EC12D0844D53A96217BD /* CDVLocation.h */,
				CCB2BFF8F18D47F2BE232637 /* UIImage+CropScaleOrientation.m */,
				9DF717A8BD1D4E3FB4B3089D /* CDVCamera.m */,
				022AF22CB12749B38E919735 /* CDVJpegHeaderWriter.m */,
				FDF435AFB05A485BA16FBC06 /* UIImage+CropScaleOrientation.h */,
				A016754A25814DD6AF9D40DD /* CDVCamera.h */,
				E36CF77E007040DCBD257DD5 /* CDVJpegHeaderWriter.h */,
				55DD9DC35F43496385D72865 /* CDVExif.h */,
				91ABF2AFD98F4CCFBDCAFDBD /* CDVFile.m */,
				B7B25F36415B4F14BFA3F512 /* CDVLocalFilesystem.m */,
				B19469DBAE104A0FBCE77472 /* CDVAssetLibraryFilesystem.m */,
				CCB15D989E3D480DA2DF2F12 /* CDVFile.h */,
				8FD38B856CE040D083043ED3 /* CDVLocalFilesystem.h */,
				AD74A51C60DF43078E4B3C5D /* CDVAssetLibraryFilesystem.h */,
				EC8FD11D3EA748E48D2EB4ED /* CDVCapture.m */,
				D93DD44535784B498AB2DFBD /* CDVCapture.h */,
				1AC0CE12B53F4D11848DF945 /* CDVFileTransfer.m */,
				187D6519EA7E418D9414844A /* CDVFileTransfer.h */,
				A126D6F1D96E4745932C4FEA /* CDVNotification.m */,
				D566A188B6244D2B9B524A33 /* CDVNotification.h */,
				6AFCAD0F1B9044B6ACE00EC3 /* CDVVibration.m */,
				26E645D5C0194E3681209B74 /* CDVVibration.h */,
				CD8FEBFE867B414291ABA234 /* CDVContacts.m */,
				590A4A4E404D46A7886F3C12 /* CDVContact.m */,
				EA2A8D7DB6634243BC431E81 /* CDVContacts.h */,
				C17278509CD241F9959A8126 /* CDVContact.h */,
				15E3BEB604E04E89A7671429 /* CDVGlobalization.m */,
				93FBAB8C018E492B9BDB7457 /* CDVGlobalization.h */,
				65190C1772E0446D9CAE365A /* CDVSplashScreen.m */,
				C6A8C194C2D94793B07E125A /* CDVViewController+SplashScreen.m */,
				9679D7B2A29F4F8D8CCF6A55 /* CDVSplashScreen.h */,
				B42F0B68745342668285AC22 /* CDVViewController+SplashScreen.h */,
				59DCF86C3C104D758C6F4F86 /* CDVInAppBrowser.m */,
				C6454AECA628459D8A7F8ACE /* CDVInAppBrowser.h */,
				CC8BB4DAA20A4B9585E3BD25 /* SQLitePlugin.m */,
				2AAE9BD8F1B845C6BB461568 /* PSPDFThreadSafeMutableDictionary.m */,
				8E7A4CDE128F4662BC21DE5B /* sqlite3.c */,
				A9143D74B29D4A6EAF6B241A /* SQLitePlugin.h */,
				47282613D1874C899143E7CC /* PSPDFThreadSafeMutableDictionary.h */,
				17705D09217F43B5A35B2D2A /* sqlite3.h */,
				51CA5131B84D42A187774198 /* SQLitePlugin.m */,
				CE7BBBB7D5AC4C80A05DDC70 /* SQLitePlugin.h */,
				8DCB5884B6AF49D4871B02AC /* ZipPlugin.m */,
				1348850D0921407E815C46D9 /* aescrypt.c */,
				5AA8E6BCB506483F9675818A /* aeskey.c */,
				AD0C42E1434847489F1E8E21 /* aestab.c */,
				3B31A739F6CE4E64A0A0A865 /* entropy.c */,
				F5164126E7F14705AE3FCB7B /* fileenc.c */,
				3E5CAB96BDE449CC8C9AE561 /* hmac.c */,
				95851D63202F4EE4A8D64AA7 /* prng.c */,
				FA92CA28A0EC49918D61C709 /* pwd2key.c */,
				30BCD0248D2D41B48940D619 /* sha1.c */,
				5527C0B8DD9E4A8AB636FFD1 /* SSZipArchive.m */,
				BAFC24A2C6034885809DDEE9 /* zip.c */,
				CB383677506541A6AC728613 /* unzip.c */,
				5D852B5AB765482DBADD3EA6 /* mztools.c */,
				BECFAB99FFB34FC0BC647FA1 /* ioapi.c */,
				9EEDFE94CCD849ACA351D8A3 /* ZipPlugin.h */,
				A04B07120566426196C5A8EE /* Common.h */,
				669C8101FDBE4C22B7D6D188 /* aes.h */,
				149BA242ABC4403A9188225D /* aes_via_ace.h */,
				2634E135095241D3B22757EB /* aesopt.h */,
				0C67A2049A974E999BA4869F /* aestab.h */,
				8CF8E89066754E64B0D20457 /* brg_endian.h */,
				56B0F805FB964EB786C1FEB7 /* brg_types.h */,
				720656AE76874F60A57B47AA /* entropy.h */,
				3EF63AD3FD3E41E9A1418896 /* fileenc.h */,
				EAD8F45D67F643D498FEDDA4 /* hmac.h */,
				FACCBF38E2ED4CCCB4EF102E /* prng.h */,
				C5B25847E53743F68026E1FA /* pwd2key.h */,
				9A0F5627D984447A95AE019D /* sha1.h */,
				018B8E6FA9C845AEA125DE8F /* SSZipArchive.h */,
				FEFE05DDED2E4344B19CB16F /* zip.h */,
				841C57175625423DA221B470 /* unzip.h */,
				C0790FC91C9D42A4AA03FBE7 /* mztools.h */,
				484D6EEB7C1042A1AF1D9DC4 /* ioapi.h */,
				C998941FA3BF42E3835E576B /* crypt.h */,
				DE90B7DAF6F6462194297642 /* md5chksum.m */,
				0C66FCD810024EF9867BC809 /* md5chksum.h */,
				26DE0C4DE7C749CC93B803EE /* CDVOrientation.m */,
				BB272C0B01B94BC0AEA65726 /* CDVOrientation.h */,
				8984B0647CCF42D59A766187 /* Diagnostic.m */,
				A7EEDC2C182E4668B4DA2C08 /* Diagnostic_Location.m */,
				A8E86C48F75A4268B8FDFE80 /* Diagnostic_Bluetooth.m */,
				D05D7C35ED224CA0BCD24F52 /* Diagnostic_Wifi.m */,
				E475E05772D34F0EBEDFC75E /* Diagnostic_Camera.m */,
				5CBE38AD0D27434A86C7E133 /* Diagnostic_Notifications.m */,
				9F77B0AF88FD404EA3D96F7C /* Diagnostic_Microphone.m */,
				48763B0382F04815B370B495 /* Diagnostic_Contacts.m */,
				9755FE40215F4666B3AC6F01 /* Diagnostic_Calendar.m */,
				98510813C75C49D4B95A320C /* Diagnostic_Reminders.m */,
				23621ADB45D440C8934D2CBA /* Diagnostic_Motion.m */,
				F39B95695A3E4DBBB1A0DB2C /* Diagnostic.h */,
				F35D7A3C265C4239AA4A6185 /* Diagnostic_Location.h */,
				5CE19EFCEDE240B8A6BF51E2 /* Diagnostic_Bluetooth.h */,
				9C91E68BCBB84A35A94FF8E0 /* Diagnostic_Wifi.h */,
				3F012B2682884D58888523B6 /* Diagnostic_Camera.h */,
				CD6805BF903844B8B27EF5A6 /* Diagnostic_Notifications.h */,
				F5003D18C45F4DDCBF1E76AE /* Diagnostic_Microphone.h */,
				31B28E9D0AAA401684DDA9FE /* Diagnostic_Contacts.h */,
				E964EC800B8C408787B9C492 /* Diagnostic_Calendar.h */,
				BD6FB54F1FF047B09743A2C8 /* Diagnostic_Reminders.h */,
				D12739E58F474C319EAB61D6 /* Diagnostic_Motion.h */,
				0CE809E958B24EA3B1FDDFEE /* APPBackgroundMode.m */,
				2B626B0C78DA46BEB47608B6 /* APPMethodMagic.m */,
				E310E40102004C298ECE4876 /* APPBackgroundMode.h */,
				2C1C2AFD44B44C5FB2EA810D /* APPMethodMagic.h */,
			);
			name = Plugins;
			path = "HelloCordova/Plugins";
			sourceTree = SOURCE_ROOT;
		};
		EB87FDF11871DA420020F90C /* Staging */ = {
			isa = PBXGroup;
			children = (
				F840E1F0165FE0F500CFE078 /* config.xml */,
				301BF56E109A69640062928A /* www */,
			);
			name = Staging;
			sourceTree = "<group>";
		};
/* End PBXGroup section */

/* Begin PBXNativeTarget section */
		1D6058900D05DD3D006BFB54 /* HelloCordova */ = {
			isa = PBXNativeTarget;
			buildConfigurationList = 1D6058960D05DD3E006BFB54 /* Build configuration list for PBXNativeTarget "HelloCordova" */;
			buildPhases = (
				304B58A110DAC018002A0835 /* Copy www directory */,
				1D60588D0D05DD3D006BFB54 /* Resources */,
				1D60588E0D05DD3D006BFB54 /* Sources */,
				1D60588F0D05DD3D006BFB54 /* Frameworks */,
			);
			buildRules = (
			);
			dependencies = (
				301BF551109A68C00062928A /* PBXTargetDependency */,
			);
			name = "HelloCordova";
			productName = "HelloCordova";
			productReference = 1D6058910D05DD3D006BFB54 /* HelloCordova.app */;
			productType = "com.apple.product-type.application";
		};
/* End PBXNativeTarget section */

/* Begin PBXProject section */
		29B97313FDCFA39411CA2CEA /* Project object */ = {
			isa = PBXProject;
			attributes = {
				LastUpgradeCheck = 510;
				TargetAttributes = {
					1D6058900D05DD3D006BFB54 = {
						ProvisioningStyle = Automatic;
					};
				};
			};
			buildConfigurationList = C01FCF4E08A954540054247B /* Build configuration list for PBXProject "HelloCordova" */;
			compatibilityVersion = "Xcode 3.2";
			developmentRegion = English;
			hasScannedForEncodings = 1;
			mainGroup = 29B97314FDCFA39411CA2CEA /* CustomTemplate */;
			projectDirPath = "";
			projectReferences = (
				{
					ProductGroup = 301BF52E109A57CC0062928A /* Products */;
					ProjectRef = 301BF52D109A57CC0062928A /* CordovaLib.xcodeproj */;
				},
			);
			projectRoot = "";
			targets = (
				1D6058900D05DD3D006BFB54 /* HelloCordova */,
			);
		};
/* End PBXProject section */

/* Begin PBXReferenceProxy section */
		301BF535109A57CC0062928A /* libCordova.a */ = {
			isa = PBXReferenceProxy;
			fileType = archive.ar;
			path = libCordova.a;
			remoteRef = 301BF534109A57CC0062928A /* PBXContainerItemProxy */;
			sourceTree = BUILT_PRODUCTS_DIR;
		};
		907D8124214C687600058A10 /* Cordova.framework */ = {
			isa = PBXReferenceProxy;
			fileType = wrapper.framework;
			path = Cordova.framework;
			remoteRef = 907D8123214C687600058A10 /* PBXContainerItemProxy */;
			sourceTree = BUILT_PRODUCTS_DIR;
		};
/* End PBXReferenceProxy section */

/* Begin PBXResourcesBuildPhase section */
		1D60588D0D05DD3D006BFB54 /* Resources */ = {
			isa = PBXResourcesBuildPhase;
			buildActionMask = 2147483647;
			files = (
				302D95F214D2391D003F00A1 /* MainViewController.xib in Resources */,
				0207DA581B56EA530066E2B4 /* Images.xcassets in Resources */,
				6AFF5BF91D6E424B00AB3073 /* CDVLaunchScreen.storyboard in Resources */,
				55F96A83A1584E32BB2D205E /* CDVCapture.bundle in Resources */,
				B033902CCC864CB29FD050D1 /* CDVNotification.bundle in Resources */,
				A831FB64B3454C7BBA96AAAB /* appbeep.wav in Resources */,
			);
			runOnlyForDeploymentPostprocessing = 0;
		};
/* End PBXResourcesBuildPhase section */

/* Begin PBXShellScriptBuildPhase section */
		304B58A110DAC018002A0835 /* Copy www directory */ = {
			isa = PBXShellScriptBuildPhase;
			buildActionMask = 2147483647;
			files = (
			);
			inputPaths = (
			);
			name = "Copy www directory";
			outputPaths = (
			);
			runOnlyForDeploymentPostprocessing = 0;
			shellPath = /bin/sh;
			shellScript = "\"$SRCROOT/HelloCordova/Scripts/copy-www-build-step.sh\"";
			showEnvVarsInLog = 0;
		};
/* End PBXShellScriptBuildPhase section */

/* Begin PBXSourcesBuildPhase section */
		1D60588E0D05DD3D006BFB54 /* Sources */ = {
			isa = PBXSourcesBuildPhase;
			buildActionMask = 2147483647;
			files = (
				1D60589B0D05DD56006BFB54 /* main.m in Sources */,
				1D3623260D0F684500981E51 /* AppDelegate.m in Sources */,
				302D95F114D2391D003F00A1 /* MainViewController.m in Sources */,
				B045D29E48714272B315D049 /* CDVDevice.m in Sources */,
				C1A84EE1268A412FB581AF6D /* CDVConnection.m in Sources */,
				7DF683162E984B2A90AA3649 /* CDVReachability.m in Sources */,
				1C257A04E59446898C9C7799 /* CDVBattery.m in Sources */,
				03DE2386A8CB430497E66284 /* CDVAccelerometer.m in Sources */,
				CE60095015DB48DB8F96CC2E /* CDVCompass.m in Sources */,
				E8EF9B6D05FE4EDCA211E753 /* CDVLocation.m in Sources */,
				396DE0C79104478588DB503D /* UIImage+CropScaleOrientation.m in Sources */,
				FEEF8CD2F06A41829D302E96 /* CDVCamera.m in Sources */,
				BCE50461F5994BE99D5D331E /* CDVJpegHeaderWriter.m in Sources */,
				8EAB124287BB401590170ECC /* CDVFile.m in Sources */,
				1A4C6BD4BBE54E44A76E41F5 /* CDVLocalFilesystem.m in Sources */,
				5658090F36354893A0DB7C93 /* CDVAssetLibraryFilesystem.m in Sources */,
				3CAD431F2FDC46C6BE4E158E /* CDVCapture.m in Sources */,
				46FFC3BB7C57421AB269C1CE /* CDVFileTransfer.m in Sources */,
				01BB5E58FDE8473BA40B87B3 /* CDVNotification.m in Sources */,
				1D1A175DBC304C1992BF47D2 /* CDVVibration.m in Sources */,
				9070D77A8C504540A38E4BE4 /* CDVContacts.m in Sources */,
				717A23EFCE5C4B6FA06B6BB7 /* CDVContact.m in Sources */,
				A50F9B0EF91B49869175B689 /* CDVGlobalization.m in Sources */,
				17B97779881948C39C4BF629 /* CDVSplashScreen.m in Sources */,
				81B956A8D6954F288ED3D43E /* CDVViewController+SplashScreen.m in Sources */,
				52FD7A01C136486EA6640EA4 /* CDVInAppBrowser.m in Sources */,
				9ED735BA4D004670A502574A /* SQLitePlugin.m in Sources */,
				82F2BB0E637F4B609344D371 /* PSPDFThreadSafeMutableDictionary.m in Sources */,
				78DB508AF278434DA1740C99 /* sqlite3.c in Resources */,
				34D85225545F436988A25724 /* SQLitePlugin.m in Sources */,
				7128802000F74EDEAFA1C438 /* ZipPlugin.m in Sources */,
				D25E333308ED4A208A07FE84 /* aescrypt.c in Resources */,
				6CB84F177954494E8AB6FA48 /* aeskey.c in Resources */,
				6ACF9210811A4B699FAA93D9 /* aestab.c in Resources */,
				29D7DD55B64A4ED58E332CA5 /* entropy.c in Resources */,
				E708028F13C2401FBC6AE189 /* fileenc.c in Resources */,
				48236780771647C68EB60FE5 /* hmac.c in Resources */,
				5432D1E92FEB43BE9F8478C7 /* prng.c in Resources */,
				ECBCD3E4190A4EF0999059EF /* pwd2key.c in Resources */,
				D9D540AF7BD447BEB81CFD79 /* sha1.c in Resources */,
				C1A17BB56C5D4448A7E08002 /* SSZipArchive.m in Sources */,
				1A2DDA277D0F4DCD9067A862 /* zip.c in Resources */,
				36F2224236B94D0BA6C98B87 /* unzip.c in Resources */,
				E724E5BDE37044AFA75BF670 /* mztools.c in Resources */,
				A1502A9E3F2144E99177DFA7 /* ioapi.c in Resources */,
				096CD3E3E8274F52AF4CD189 /* md5chksum.m in Sources */,
				C6F5BB3FD89C4C09B76C5966 /* CDVOrientation.m in Sources */,
				87F559A3403B4932BA32392A /* Diagnostic.m in Sources */,
				49A30E92CA3A44E0A264109F /* Diagnostic_Location.m in Sources */,
				17B6109EA1CB48E498639992 /* Diagnostic_Bluetooth.m in Sources */,
				470F0355CB0245F9BA60E717 /* Diagnostic_Wifi.m in Sources */,
				849FF324816949739D59B00E /* Diagnostic_Camera.m in Sources */,
				20302C9DD141401ABF999B47 /* Diagnostic_Notifications.m in Sources */,
				011CD2EEA2F24F98A3F9D9A4 /* Diagnostic_Microphone.m in Sources */,
				F78C0D30B522417B8A6413A2 /* Diagnostic_Contacts.m in Sources */,
				2F8ADD73E9CE408597C9E931 /* Diagnostic_Calendar.m in Sources */,
				F08C880AA4114515978ED18C /* Diagnostic_Reminders.m in Sources */,
				31664D63D88745A4B4759B37 /* Diagnostic_Motion.m in Sources */,
				35BFA7F31A66457B87FAABCE /* APPBackgroundMode.m in Sources */,
				65500157F17740B2B89B76B3 /* APPMethodMagic.m in Sources */,
			);
			runOnlyForDeploymentPostprocessing = 0;
		};
/* End PBXSourcesBuildPhase section */

/* Begin PBXTargetDependency section */
		301BF551109A68C00062928A /* PBXTargetDependency */ = {
			isa = PBXTargetDependency;
			name = CordovaLib;
			targetProxy = 301BF550109A68C00062928A /* PBXContainerItemProxy */;
		};
/* End PBXTargetDependency section */

/* Begin XCBuildConfiguration section */
		1D6058940D05DD3E006BFB54 /* Debug */ = {
			isa = XCBuildConfiguration;
			baseConfigurationReference = 3047A50F1AB8059700498E2A /* build-debug.xcconfig */;
			buildSettings = {
				ALWAYS_SEARCH_USER_PATHS = NO;
				ASSETCATALOG_COMPILER_APPICON_NAME = AppIcon;
				CLANG_ENABLE_MODULES = YES;
				CLANG_ENABLE_OBJC_ARC = YES;
				COPY_PHASE_STRIP = NO;
				GCC_DYNAMIC_NO_PIC = NO;
				GCC_OPTIMIZATION_LEVEL = 0;
				GCC_PRECOMPILE_PREFIX_HEADER = YES;
				GCC_PREFIX_HEADER = "HelloCordova/HelloCordova-Prefix.pch";
				GCC_THUMB_SUPPORT = NO;
				GCC_VERSION = "";
				INFOPLIST_FILE = "HelloCordova/HelloCordova-Info.plist";
				IPHONEOS_DEPLOYMENT_TARGET = 10.0;
				LD_RUNPATH_SEARCH_PATHS = "@executable_path/Frameworks";
				PRODUCT_BUNDLE_IDENTIFIER = com.bennetts.vic;
				PRODUCT_NAME = "$(TARGET_NAME)";
				TARGETED_DEVICE_FAMILY = "1,2";
			};
			name = Debug;
		};
		1D6058950D05DD3E006BFB54 /* Release */ = {
			isa = XCBuildConfiguration;
			baseConfigurationReference = 3047A5101AB8059700498E2A /* build-release.xcconfig */;
			buildSettings = {
				ALWAYS_SEARCH_USER_PATHS = NO;
				ASSETCATALOG_COMPILER_APPICON_NAME = AppIcon;
				CLANG_ENABLE_MODULES = YES;
				CLANG_ENABLE_OBJC_ARC = YES;
				COPY_PHASE_STRIP = YES;
				GCC_PRECOMPILE_PREFIX_HEADER = YES;
				GCC_PREFIX_HEADER = "HelloCordova/HelloCordova-Prefix.pch";
				GCC_THUMB_SUPPORT = NO;
				GCC_VERSION = "";
				INFOPLIST_FILE = "HelloCordova/HelloCordova-Info.plist";
				IPHONEOS_DEPLOYMENT_TARGET = 10.0;
				LD_RUNPATH_SEARCH_PATHS = "@executable_path/Frameworks";
				PRODUCT_BUNDLE_IDENTIFIER = com.bennetts.vic;
				PRODUCT_NAME = "$(TARGET_NAME)";
				TARGETED_DEVICE_FAMILY = "1,2";
			};
			name = Release;
		};
		C01FCF4F08A954540054247B /* Debug */ = {
			isa = XCBuildConfiguration;
			baseConfigurationReference = 3047A5111AB8059700498E2A /* build.xcconfig */;
			buildSettings = {
				CLANG_ENABLE_MODULES = YES;
				CLANG_ENABLE_OBJC_ARC = YES;
				CLANG_WARN_BLOCK_CAPTURE_AUTORELEASING = YES;
				CLANG_WARN_BOOL_CONVERSION = YES;
				CLANG_WARN_COMMA = YES;
				CLANG_WARN_CONSTANT_CONVERSION = YES;
				CLANG_WARN_DEPRECATED_OBJC_IMPLEMENTATIONS = YES;
				CLANG_WARN_EMPTY_BODY = YES;
				CLANG_WARN_ENUM_CONVERSION = YES;
				CLANG_WARN_INFINITE_RECURSION = YES;
				CLANG_WARN_INT_CONVERSION = YES;
				CLANG_WARN_NON_LITERAL_NULL_CONVERSION = YES;
				CLANG_WARN_OBJC_IMPLICIT_RETAIN_SELF = YES;
				CLANG_WARN_OBJC_LITERAL_CONVERSION = YES;
				CLANG_WARN_RANGE_LOOP_ANALYSIS = YES;
				CLANG_WARN_STRICT_PROTOTYPES = YES;
				CLANG_WARN_SUSPICIOUS_MOVE = YES;
				CLANG_WARN_UNREACHABLE_CODE = YES;
				CLANG_WARN__DUPLICATE_METHOD_MATCH = YES;
				ENABLE_STRICT_OBJC_MSGSEND = YES;
				ENABLE_TESTABILITY = YES;
				GCC_C_LANGUAGE_STANDARD = c99;
				GCC_NO_COMMON_BLOCKS = YES;
				GCC_THUMB_SUPPORT = NO;
				GCC_VERSION = "";
				GCC_WARN_64_TO_32_BIT_CONVERSION = YES;
				GCC_WARN_ABOUT_RETURN_TYPE = YES;
				GCC_WARN_UNDECLARED_SELECTOR = YES;
				GCC_WARN_UNINITIALIZED_AUTOS = YES;
				GCC_WARN_UNUSED_FUNCTION = YES;
				GCC_WARN_UNUSED_VARIABLE = YES;
				ONLY_ACTIVE_ARCH = YES;
				SDKROOT = iphoneos;
				SKIP_INSTALL = NO;
				PRODUCT_BUNDLE_IDENTIFIER = com.bennetts.vic;
			};
			name = Debug;
		};
		C01FCF5008A954540054247B /* Release */ = {
			isa = XCBuildConfiguration;
			baseConfigurationReference = 3047A5111AB8059700498E2A /* build.xcconfig */;
			buildSettings = {
				CLANG_ENABLE_MODULES = YES;
				CLANG_ENABLE_OBJC_ARC = YES;
				CLANG_WARN_BLOCK_CAPTURE_AUTORELEASING = YES;
				CLANG_WARN_BOOL_CONVERSION = YES;
				CLANG_WARN_COMMA = YES;
				CLANG_WARN_CONSTANT_CONVERSION = YES;
				CLANG_WARN_DEPRECATED_OBJC_IMPLEMENTATIONS = YES;
				CLANG_WARN_EMPTY_BODY = YES;
				CLANG_WARN_ENUM_CONVERSION = YES;
				CLANG_WARN_INFINITE_RECURSION = YES;
				CLANG_WARN_INT_CONVERSION = YES;
				CLANG_WARN_NON_LITERAL_NULL_CONVERSION = YES;
				CLANG_WARN_OBJC_IMPLICIT_RETAIN_SELF = YES;
				CLANG_WARN_OBJC_LITERAL_CONVERSION = YES;
				CLANG_WARN_RANGE_LOOP_ANALYSIS = YES;
				CLANG_WARN_STRICT_PROTOTYPES = YES;
				CLANG_WARN_SUSPICIOUS_MOVE = YES;
				CLANG_WARN_UNREACHABLE_CODE = YES;
				CLANG_WARN__DUPLICATE_METHOD_MATCH = YES;
				ENABLE_STRICT_OBJC_MSGSEND = YES;
				GCC_C_LANGUAGE_STANDARD = c99;
				GCC_NO_COMMON_BLOCKS = YES;
				GCC_THUMB_SUPPORT = NO;
				GCC_VERSION = "";
				GCC_WARN_64_TO_32_BIT_CONVERSION = YES;
				GCC_WARN_ABOUT_RETURN_TYPE = YES;
				GCC_WARN_UNDECLARED_SELECTOR = YES;
				GCC_WARN_UNINITIALIZED_AUTOS = YES;
				GCC_WARN_UNUSED_FUNCTION = YES;
				GCC_WARN_UNUSED_VARIABLE = YES;
				SDKROOT = iphoneos;
				SKIP_INSTALL = NO;
				PRODUCT_BUNDLE_IDENTIFIER = com.bennetts.vic;
			};
			name = Release;
		};
/* End XCBuildConfiguration section */

/* Begin XCConfigurationList section */
		1D6058960D05DD3E006BFB54 /* Build configuration list for PBXNativeTarget "HelloCordova" */ = {
			isa = XCConfigurationList;
			buildConfigurations = (
				1D6058940D05DD3E006BFB54 /* Debug */,
				1D6058950D05DD3E006BFB54 /* Release */,
			);
			defaultConfigurationIsVisible = 0;
			defaultConfigurationName = Release;
		};
		C01FCF4E08A954540054247B /* Build configuration list for PBXProject "HelloCordova" */ = {
			isa = XCConfigurationList;
			buildConfigurations = (
				C01FCF4F08A954540054247B /* Debug */,
				C01FCF5008A954540054247B /* Release */,
			);
			defaultConfigurationIsVisible = 0;
			defaultConfigurationName = Release;
		};
/* End XCConfigurationList section */
	};
	rootObject = 29B97313FDCFA39411CA2CEA /* Project object */;
}
